Microsoft Visual Studio Solution File, Format Version 12.00
# Visual Studio 14
VisualStudioVersion = 14.0.23107.0
MinimumVisualStudioVersion = 10.0.40219.1
Project("{2150E333-8FDC-42A3-9474-1A3956D46DE8}") = "WebServices", "WebServices", "{3787EBD3-A099-4E87-A7EF-644EC3ABA762}"
EndProject
Project("{FAE04EC0-301F-11D3-BF4B-00C04F79EFBC}") = "Tests", "Tests\Tests.csproj", "{475D6F6A-1FCD-4BC1-91DB-9CCE2C04F86B}"
	ProjectSection(ProjectDependencies) = postProject
		{66B5352A-1967-4080-9CCF-2504253B62E2} = {66B5352A-1967-4080-9CCF-2504253B62E2}
		{945029DC-3D9D-4AF9-9893-42417AAC3D31} = {945029DC-3D9D-4AF9-9893-42417AAC3D31}
	EndProjectSection
EndProject
Project("{FAE04EC0-301F-11D3-BF4B-00C04F79EFBC}") = "Shared", "Shared\Shared.csproj", "{3D268EBA-3EF8-429B-90C7-AE35CE762FC8}"
EndProject
Project("{2150E333-8FDC-42A3-9474-1A3956D46DE8}") = ".nuget", ".nuget", "{A3A911B4-CFC4-4B2B-B52B-ACD5A0B3C5DD}"
	ProjectSection(SolutionItems) = preProject
		.nuget\NuGet.Config = .nuget\NuGet.Config
		.nuget\NuGet.exe = .nuget\NuGet.exe
		.nuget\NuGet.targets = .nuget\NuGet.targets
	EndProjectSection
EndProject
Project("{FAE04EC0-301F-11D3-BF4B-00C04F79EFBC}") = "MemberWebsite", "Presentation\MemberWebsite\MemberWebsite.csproj", "{66B5352A-1967-4080-9CCF-2504253B62E2}"
EndProject
Project("{FAE04EC0-301F-11D3-BF4B-00C04F79EFBC}") = "AdminWebsite", "Presentation\AdminWebsite\AdminWebsite.csproj", "{AF5B416D-7007-447B-B7CE-ED79B3B42086}"
EndProject
Project("{2150E333-8FDC-42A3-9474-1A3956D46DE8}") = "Infrastructure", "Infrastructure", "{C7682747-2AAF-4211-AD7C-624D403E1A86}"
EndProject
Project("{2150E333-8FDC-42A3-9474-1A3956D46DE8}") = "Presentation", "Presentation", "{06E1894C-D75E-46D1-AB56-058B97FEBC13}"
EndProject
Project("{2150E333-8FDC-42A3-9474-1A3956D46DE8}") = "Core", "Core", "{439F8B34-2B5B-4CB8-BD5D-DBB5CAAF1F35}"
EndProject
Project("{FAE04EC0-301F-11D3-BF4B-00C04F79EFBC}") = "Infrastructure", "Infrastructure\Infrastructure\Infrastructure.csproj", "{39AE091F-FC43-49BA-A605-6B79ED269DA6}"
EndProject
Project("{2150E333-8FDC-42A3-9474-1A3956D46DE8}") = "WinServices", "WinServices", "{936BF53D-94B2-4E5C-8D1D-AD0AD10FF5FB}"
EndProject
Project("{FAE04EC0-301F-11D3-BF4B-00C04F79EFBC}") = "WinService", "WinService\WinService.csproj", "{8D39E3A9-29B9-4999-B8CA-2ADA47E66CA0}"
EndProject
Project("{FAE04EC0-301F-11D3-BF4B-00C04F79EFBC}") = "Core.Messaging", "Core\Core.Messaging\Core.Messaging.csproj", "{FB049381-7815-4533-BCAE-3077D86722B0}"
EndProject
Project("{2150E333-8FDC-42A3-9474-1A3956D46DE8}") = "Solution Items", "Solution Items", "{F505EFCF-FCF1-4260-A9F8-2FC622640579}"
	ProjectSection(SolutionItems) = preProject
		build.bat = build.bat
		build.fsx = build.fsx
		StyleCop.proj = StyleCop.proj
	EndProjectSection
EndProject
Project("{FAE04EC0-301F-11D3-BF4B-00C04F79EFBC}") = "Core.Brand", "Core\Core.Brand\Core.Brand.csproj", "{D519BE95-FEE1-42D1-A60E-A3C008E1F8AA}"
EndProject
Project("{FAE04EC0-301F-11D3-BF4B-00C04F79EFBC}") = "Core.Security", "Core\Core.Security\Core.Security.csproj", "{C26F378C-8F63-49B5-BBED-3031071C300A}"
EndProject
Project("{FAE04EC0-301F-11D3-BF4B-00C04F79EFBC}") = "Core.Common", "Core\Core.Common\Core.Common.csproj", "{E60E73C7-09B9-45B2-950F-547350CFBE93}"
EndProject
Project("{FAE04EC0-301F-11D3-BF4B-00C04F79EFBC}") = "Core.Game", "Core\Core.Games\Core.Game.csproj", "{BFEBC671-1C27-40E8-BB98-C5B23919FCC7}"
EndProject
Project("{FAE04EC0-301F-11D3-BF4B-00C04F79EFBC}") = "Core.Player", "Core\Core.Player\Core.Player.csproj", "{18B71681-F11B-4F62-A4E9-A388FCC9A4B7}"
EndProject
Project("{FAE04EC0-301F-11D3-BF4B-00C04F79EFBC}") = "Core.Report", "Core\Core.Report\Core.Report.csproj", "{72CAA794-0117-495A-9F88-D2EFDD81FA95}"
EndProject
Project("{FAE04EC0-301F-11D3-BF4B-00C04F79EFBC}") = "Core.Payment", "Core\Core.Payment\Core.Payment.csproj", "{DBB83446-3C9E-4F1D-AC1C-2C88053BFDDD}"
EndProject
Project("{FAE04EC0-301F-11D3-BF4B-00C04F79EFBC}") = "Core", "Core\Core.Bonus\Core.csproj", "{E7A571BC-3924-4BE5-8B56-BB8574B30CE9}"
EndProject
Project("{2150E333-8FDC-42A3-9474-1A3956D46DE8}") = "Tests", "Tests", "{05B96B34-F5AD-4E3F-AF3B-6CE819902C64}"
EndProject
Project("{FAE04EC0-301F-11D3-BF4B-00C04F79EFBC}") = "Tests.Common", "Tests.Common\Tests.Common.csproj", "{83102521-802C-4194-91E9-20DF507462C0}"
EndProject
Project("{2150E333-8FDC-42A3-9474-1A3956D46DE8}") = "JMeter", "JMeter", "{4CBB81AE-B2D2-4CB1-9C4B-72FC5F7F9A86}"
	ProjectSection(SolutionItems) = preProject
		Tests\JMeter\build.xml = Tests\JMeter\build.xml
		Tests\JMeter\jmeter-results-report.xsl = Tests\JMeter\jmeter-results-report.xsl
	EndProjectSection
EndProject
Project("{FAE04EC0-301F-11D3-BF4B-00C04F79EFBC}") = "Core.Fraud", "Core\Core.Fraud\Core.Fraud.csproj", "{A9C80924-5E70-4A3D-A9C3-DDF70681E76D}"
EndProject
Project("{2150E333-8FDC-42A3-9474-1A3956D46DE8}") = "Soak", "Soak", "{63B1FF20-84A7-41C4-ACCD-245FF0C94C50}"
	ProjectSection(SolutionItems) = preProject
		Tests\JMeter\Soak\test-play-game.jmx = Tests\JMeter\Soak\test-play-game.jmx
		Tests\JMeter\Soak\test-register-player.jmx = Tests\JMeter\Soak\test-register-player.jmx
	EndProjectSection
EndProject
Project("{2150E333-8FDC-42A3-9474-1A3956D46DE8}") = "Load", "Load", "{48DB8785-14B2-49E5-99B7-B6E89CBE404D}"
	ProjectSection(SolutionItems) = preProject
		Tests\JMeter\Load\test-play-game.jmx = Tests\JMeter\Load\test-play-game.jmx
		Tests\JMeter\Load\test-register-player.jmx = Tests\JMeter\Load\test-register-player.jmx
		Tests\JMeter\Load\test-settle-bets.jmx = Tests\JMeter\Load\test-settle-bets.jmx
	EndProjectSection
EndProject
Project("{2150E333-8FDC-42A3-9474-1A3956D46DE8}") = "Member", "Member", "{888D2814-D43A-445E-9A41-D293D8C4A086}"
EndProject
Project("{FAE04EC0-301F-11D3-BF4B-00C04F79EFBC}") = "MemberApi", "Infrastructure\WebServices\MemberApi\MemberApi.csproj", "{8431DD40-ACA4-4D0A-889D-7744513C5F5A}"
EndProject
Project("{FAE04EC0-301F-11D3-BF4B-00C04F79EFBC}") = "MemberApi.Interface", "Infrastructure\WebServices\MemberApi.Interface\MemberApi.Interface.csproj", "{1EAC9A59-224C-41A1-8909-9FBC28DCF895}"
EndProject
Project("{FAE04EC0-301F-11D3-BF4B-00C04F79EFBC}") = "AdminApi", "Infrastructure\WebServices\AdminApi\AdminApi.csproj", "{87EC3C84-0B6C-4322-B940-D63B57ABB8C0}"
EndProject
Project("{2150E333-8FDC-42A3-9474-1A3956D46DE8}") = "Admin", "Admin", "{23B5B034-9CE0-4A43-80CE-F434C4619F6B}"
EndProject
Project("{FAE04EC0-301F-11D3-BF4B-00C04F79EFBC}") = "AdminApi.Interface", "Infrastructure\WebServices\AdminApi.Interface\AdminApi.Interface.csproj", "{B6761F22-B7EE-4818-AF44-181DB6E3A703}"
EndProject
Project("{FAE04EC0-301F-11D3-BF4B-00C04F79EFBC}") = "AdminApi.Tests", "Infrastructure\WebServices\AdminApi.Tests\AdminApi.Tests.csproj", "{9C8618FA-42D8-4062-A02A-B8B0AD877F6C}"
EndProject
Project("{FAE04EC0-301F-11D3-BF4B-00C04F79EFBC}") = "MemberApi.Tests", "Infrastructure\WebServices\MemberApi.Tests\MemberApi.Tests.csproj", "{890CF446-3E24-49B2-A273-A0696F55133D}"
EndProject
Project("{FAE04EC0-301F-11D3-BF4B-00C04F79EFBC}") = "Core.Auth", "Core\Core.Auth\Core.Auth.csproj", "{4437CBF6-272C-41C8-B7DD-E84521498DDF}"
EndProject
Project("{FAE04EC0-301F-11D3-BF4B-00C04F79EFBC}") = "Core.Auth.Interface", "Core\Core.Auth.Interface\Core.Auth.Interface.csproj", "{E7378369-7D0B-4724-AEEF-9586CB54FDE5}"
EndProject
Project("{FAE04EC0-301F-11D3-BF4B-00C04F79EFBC}") = "FakePaymentServer", "FakePaymentServer\FakePaymentServer.csproj", "{5A6489D0-CA99-4C3F-B47A-4AA371214946}"
EndProject
Project("{FAE04EC0-301F-11D3-BF4B-00C04F79EFBC}") = "Core.Payment.Interface", "Core\Core.Payment.Interface\Core.Payment.Interface.csproj", "{FF8B0E71-6CB0-4177-9E69-9FCCD9C10D41}"
EndProject
Project("{FAE04EC0-301F-11D3-BF4B-00C04F79EFBC}") = "Core.Fraud.Interface", "Core\Core.Fraud.Interface\Core.Fraud.Interface.csproj", "{F57F0BFF-FA0A-467F-859E-281558EB53A5}"
EndProject
Project("{FAE04EC0-301F-11D3-BF4B-00C04F79EFBC}") = "Core.Brand.Interface", "Core\Core.Brand.Interface\Core.Brand.Interface.csproj", "{12EBE87C-D355-40EA-B7F9-87B8460B74CB}"
EndProject
Project("{FAE04EC0-301F-11D3-BF4B-00C04F79EFBC}") = "Core.Game.Interface", "Core\Core.Game.Interface\Core.Game.Interface.csproj", "{5DA8B439-142A-4409-AEA6-52B3ACECB6E5}"
EndProject
Project("{FAE04EC0-301F-11D3-BF4B-00C04F79EFBC}") = "Core.Messaging.Interface", "Core\Core.Messaging.Interface\Core.Messaging.Interface.csproj", "{44911B69-EC90-4ED2-A777-3B9D7CADA79B}"
EndProject
Project("{FAE04EC0-301F-11D3-BF4B-00C04F79EFBC}") = "Infrastructure", "Infrastructure\Bonus.Infrastructure\Infrastructure.csproj", "{E1810152-6118-4B33-B5CB-4A2618C0EDF9}"
EndProject
Project("{FAE04EC0-301F-11D3-BF4B-00C04F79EFBC}") = "Tests", "Bonus.Tests\Tests.csproj", "{CB32596C-E128-4121-A41E-00A4AAD9EE42}"
EndProject
Project("{2150E333-8FDC-42A3-9474-1A3956D46DE8}") = "Bonus", "Bonus", "{2DF9EA57-9286-4B5A-9BB1-8B587AA9447B}"
EndProject
Project("{FAE04EC0-301F-11D3-BF4B-00C04F79EFBC}") = "Core.Settings", "Core\Core.Settings\Core.Settings.csproj", "{6D75AEB3-9C2D-4224-9C67-7DBC6B314F06}"
EndProject
Project("{FAE04EC0-301F-11D3-BF4B-00C04F79EFBC}") = "Core.Settings.Interface", "Core\Core.Settings.Interface\Core.Settings.Interface.csproj", "{4236345C-0E93-443C-A4BA-8D8DF9C76740}"
EndProject
Project("{FAE04EC0-301F-11D3-BF4B-00C04F79EFBC}") = "Api.Interface", "Bonus\Api.Interface\Api.Interface.csproj", "{39D94CA9-75C0-4A6F-B5D9-25737C447269}"
EndProject
Project("{FAE04EC0-301F-11D3-BF4B-00C04F79EFBC}") = "Api", "Bonus\Api\Api.csproj", "{B3693104-5B40-48D0-ABB8-CA6453B4D2CA}"
EndProject
Project("{FAE04EC0-301F-11D3-BF4B-00C04F79EFBC}") = "Core.Player.Interface", "Core\Core.Player.Interface\Core.Player.Interface.csproj", "{6C555240-E53D-42CD-BB59-7D29A9B31EDE}"
EndProject
Project("{FAE04EC0-301F-11D3-BF4B-00C04F79EFBC}") = "FakeUGS", "Tests\FakeUGS\FakeUGS.csproj", "{6FDDE0A9-F481-4308-84F4-5DCE3CC1E6B0}"
EndProject
Project("{FAE04EC0-301F-11D3-BF4B-00C04F79EFBC}") = "FakeUGS.Tests", "FakeUGS.Tests\FakeUGS.Tests.csproj", "{1179F9C9-4912-485B-BB55-CD822E46C2DA}"
EndProject
Project("{FAE04EC0-301F-11D3-BF4B-00C04F79EFBC}") = "FakeGameWebsite", "Presentation\GameWebsite\FakeGameWebsite.csproj", "{945029DC-3D9D-4AF9-9893-42417AAC3D31}"
EndProject
Project("{2150E333-8FDC-42A3-9474-1A3956D46DE8}") = "FakeGame", "FakeGame", "{735D3212-EBF0-4427-BD69-11F55CD012BD}"
EndProject
Project("{FAE04EC0-301F-11D3-BF4B-00C04F79EFBC}") = "FakeUGS.Core", "FakeUGS.Core\FakeUGS.Core.csproj", "{7124D075-3B7B-4C77-9154-BE38CD6E8264}"
EndProject
Project("{FAE04EC0-301F-11D3-BF4B-00C04F79EFBC}") = "WinService", "Bonus\WinService\WinService.csproj", "{1EA8C92F-3887-4992-933C-C5CA7AEDFDE3}"
EndProject
Project("{FAE04EC0-301F-11D3-BF4B-00C04F79EFBC}") = "Core.Models", "Bonus\Core.Models\Core.Models.csproj", "{D7965F8E-0720-46EE-82E8-BC5BE26FE8B2}"
EndProject
Project("{2150E333-8FDC-42A3-9474-1A3956D46DE8}") = "DeploymentScripts", "DeploymentScripts", "{8AF65BB3-35CC-4539-A4D8-D70E9E04D04B}"
	ProjectSection(SolutionItems) = preProject
		DeploymentScripts\RegoProductionDeployment.json = DeploymentScripts\RegoProductionDeployment.json
		DeploymentScripts\RunBuildCommand.csx = DeploymentScripts\RunBuildCommand.csx
	EndProjectSection
EndProject
Project("{2150E333-8FDC-42A3-9474-1A3956D46DE8}") = "Services", "Services", "{9A21A81A-C4A1-439D-A9A8-50391424694D}"
	ProjectSection(SolutionItems) = preProject
		DeploymentScripts\Services\BuildProcessor.csx = DeploymentScripts\Services\BuildProcessor.csx
		DeploymentScripts\Services\DeploymentConfig.csx = DeploymentScripts\Services\DeploymentConfig.csx
		DeploymentScripts\Services\SiteManager.csx = DeploymentScripts\Services\SiteManager.csx
		DeploymentScripts\Services\WebConfigUpdater.csx = DeploymentScripts\Services\WebConfigUpdater.csx
	EndProjectSection
EndProject
Project("{FAE04EC0-301F-11D3-BF4B-00C04F79EFBC}") = "UgsDatabaseHelper", "UgsDatabaseHelper\UgsDatabaseHelper.csproj", "{40894E04-EFE6-4D9A-AEED-9DDE3A5A56BD}"
EndProject
Project("{FAE04EC0-301F-11D3-BF4B-00C04F79EFBC}") = "RegoBus", "RegoBus\RegoBus.csproj", "{8016F5E0-9689-4A7C-93F1-DDB5382E6E12}"
EndProject
Project("{FAE04EC0-301F-11D3-BF4B-00C04F79EFBC}") = "Core.Security.Interface", "Core\Core.Security.Interface\Core.Security.Interface.csproj", "{02C90586-E0E7-4557-A07E-66A84543D45D}"
EndProject
Global
	GlobalSection(SolutionConfigurationPlatforms) = preSolution
		Debug|Any CPU = Debug|Any CPU
		Debug|ARM = Debug|ARM
		Debug|x64 = Debug|x64
		Debug|x86 = Debug|x86
		QA|Any CPU = QA|Any CPU
		QA|ARM = QA|ARM
		QA|x64 = QA|x64
		QA|x86 = QA|x86
		Release|Any CPU = Release|Any CPU
		Release|ARM = Release|ARM
		Release|x64 = Release|x64
		Release|x86 = Release|x86
	EndGlobalSection
	GlobalSection(ProjectConfigurationPlatforms) = postSolution
		{475D6F6A-1FCD-4BC1-91DB-9CCE2C04F86B}.Debug|Any CPU.ActiveCfg = Debug|Any CPU
		{475D6F6A-1FCD-4BC1-91DB-9CCE2C04F86B}.Debug|Any CPU.Build.0 = Debug|Any CPU
		{475D6F6A-1FCD-4BC1-91DB-9CCE2C04F86B}.Debug|ARM.ActiveCfg = Debug|Any CPU
		{475D6F6A-1FCD-4BC1-91DB-9CCE2C04F86B}.Debug|x64.ActiveCfg = Debug|Any CPU
		{475D6F6A-1FCD-4BC1-91DB-9CCE2C04F86B}.Debug|x86.ActiveCfg = Debug|Any CPU
		{475D6F6A-1FCD-4BC1-91DB-9CCE2C04F86B}.QA|Any CPU.ActiveCfg = QA|Any CPU
		{475D6F6A-1FCD-4BC1-91DB-9CCE2C04F86B}.QA|Any CPU.Build.0 = QA|Any CPU
		{475D6F6A-1FCD-4BC1-91DB-9CCE2C04F86B}.QA|ARM.ActiveCfg = QA|Any CPU
		{475D6F6A-1FCD-4BC1-91DB-9CCE2C04F86B}.QA|ARM.Build.0 = QA|Any CPU
		{475D6F6A-1FCD-4BC1-91DB-9CCE2C04F86B}.QA|x64.ActiveCfg = QA|Any CPU
		{475D6F6A-1FCD-4BC1-91DB-9CCE2C04F86B}.QA|x64.Build.0 = QA|Any CPU
		{475D6F6A-1FCD-4BC1-91DB-9CCE2C04F86B}.QA|x86.ActiveCfg = QA|Any CPU
		{475D6F6A-1FCD-4BC1-91DB-9CCE2C04F86B}.QA|x86.Build.0 = QA|Any CPU
		{475D6F6A-1FCD-4BC1-91DB-9CCE2C04F86B}.Release|Any CPU.ActiveCfg = Release|Any CPU
		{475D6F6A-1FCD-4BC1-91DB-9CCE2C04F86B}.Release|Any CPU.Build.0 = Release|Any CPU
		{475D6F6A-1FCD-4BC1-91DB-9CCE2C04F86B}.Release|ARM.ActiveCfg = Release|Any CPU
		{475D6F6A-1FCD-4BC1-91DB-9CCE2C04F86B}.Release|x64.ActiveCfg = Release|Any CPU
		{475D6F6A-1FCD-4BC1-91DB-9CCE2C04F86B}.Release|x86.ActiveCfg = Release|Any CPU
		{3D268EBA-3EF8-429B-90C7-AE35CE762FC8}.Debug|Any CPU.ActiveCfg = Debug|Any CPU
		{3D268EBA-3EF8-429B-90C7-AE35CE762FC8}.Debug|Any CPU.Build.0 = Debug|Any CPU
		{3D268EBA-3EF8-429B-90C7-AE35CE762FC8}.Debug|ARM.ActiveCfg = Debug|Any CPU
		{3D268EBA-3EF8-429B-90C7-AE35CE762FC8}.Debug|x64.ActiveCfg = Debug|Any CPU
		{3D268EBA-3EF8-429B-90C7-AE35CE762FC8}.Debug|x86.ActiveCfg = Debug|Any CPU
		{3D268EBA-3EF8-429B-90C7-AE35CE762FC8}.QA|Any CPU.ActiveCfg = QA|Any CPU
		{3D268EBA-3EF8-429B-90C7-AE35CE762FC8}.QA|Any CPU.Build.0 = QA|Any CPU
		{3D268EBA-3EF8-429B-90C7-AE35CE762FC8}.QA|ARM.ActiveCfg = QA|Any CPU
		{3D268EBA-3EF8-429B-90C7-AE35CE762FC8}.QA|ARM.Build.0 = QA|Any CPU
		{3D268EBA-3EF8-429B-90C7-AE35CE762FC8}.QA|x64.ActiveCfg = QA|Any CPU
		{3D268EBA-3EF8-429B-90C7-AE35CE762FC8}.QA|x64.Build.0 = QA|Any CPU
		{3D268EBA-3EF8-429B-90C7-AE35CE762FC8}.QA|x86.ActiveCfg = QA|Any CPU
		{3D268EBA-3EF8-429B-90C7-AE35CE762FC8}.QA|x86.Build.0 = QA|Any CPU
		{3D268EBA-3EF8-429B-90C7-AE35CE762FC8}.Release|Any CPU.ActiveCfg = Release|Any CPU
		{3D268EBA-3EF8-429B-90C7-AE35CE762FC8}.Release|Any CPU.Build.0 = Release|Any CPU
		{3D268EBA-3EF8-429B-90C7-AE35CE762FC8}.Release|ARM.ActiveCfg = Release|Any CPU
		{3D268EBA-3EF8-429B-90C7-AE35CE762FC8}.Release|x64.ActiveCfg = Release|Any CPU
		{3D268EBA-3EF8-429B-90C7-AE35CE762FC8}.Release|x86.ActiveCfg = Release|Any CPU
		{66B5352A-1967-4080-9CCF-2504253B62E2}.Debug|Any CPU.ActiveCfg = Debug|Any CPU
		{66B5352A-1967-4080-9CCF-2504253B62E2}.Debug|Any CPU.Build.0 = Debug|Any CPU
		{66B5352A-1967-4080-9CCF-2504253B62E2}.Debug|ARM.ActiveCfg = Debug|Any CPU
		{66B5352A-1967-4080-9CCF-2504253B62E2}.Debug|x64.ActiveCfg = Debug|Any CPU
		{66B5352A-1967-4080-9CCF-2504253B62E2}.Debug|x86.ActiveCfg = Debug|Any CPU
		{66B5352A-1967-4080-9CCF-2504253B62E2}.QA|Any CPU.ActiveCfg = QA|Any CPU
		{66B5352A-1967-4080-9CCF-2504253B62E2}.QA|Any CPU.Build.0 = QA|Any CPU
		{66B5352A-1967-4080-9CCF-2504253B62E2}.QA|ARM.ActiveCfg = QA|Any CPU
		{66B5352A-1967-4080-9CCF-2504253B62E2}.QA|ARM.Build.0 = QA|Any CPU
		{66B5352A-1967-4080-9CCF-2504253B62E2}.QA|x64.ActiveCfg = QA|Any CPU
		{66B5352A-1967-4080-9CCF-2504253B62E2}.QA|x64.Build.0 = QA|Any CPU
		{66B5352A-1967-4080-9CCF-2504253B62E2}.QA|x86.ActiveCfg = QA|Any CPU
		{66B5352A-1967-4080-9CCF-2504253B62E2}.QA|x86.Build.0 = QA|Any CPU
		{66B5352A-1967-4080-9CCF-2504253B62E2}.Release|Any CPU.ActiveCfg = Release|Any CPU
		{66B5352A-1967-4080-9CCF-2504253B62E2}.Release|Any CPU.Build.0 = Release|Any CPU
		{66B5352A-1967-4080-9CCF-2504253B62E2}.Release|ARM.ActiveCfg = Release|Any CPU
		{66B5352A-1967-4080-9CCF-2504253B62E2}.Release|x64.ActiveCfg = Release|Any CPU
		{66B5352A-1967-4080-9CCF-2504253B62E2}.Release|x86.ActiveCfg = Release|Any CPU
		{AF5B416D-7007-447B-B7CE-ED79B3B42086}.Debug|Any CPU.ActiveCfg = Debug|Any CPU
		{AF5B416D-7007-447B-B7CE-ED79B3B42086}.Debug|Any CPU.Build.0 = Debug|Any CPU
		{AF5B416D-7007-447B-B7CE-ED79B3B42086}.Debug|ARM.ActiveCfg = Debug|Any CPU
		{AF5B416D-7007-447B-B7CE-ED79B3B42086}.Debug|x64.ActiveCfg = Debug|Any CPU
		{AF5B416D-7007-447B-B7CE-ED79B3B42086}.Debug|x86.ActiveCfg = Debug|Any CPU
		{AF5B416D-7007-447B-B7CE-ED79B3B42086}.QA|Any CPU.ActiveCfg = QA|Any CPU
		{AF5B416D-7007-447B-B7CE-ED79B3B42086}.QA|Any CPU.Build.0 = QA|Any CPU
		{AF5B416D-7007-447B-B7CE-ED79B3B42086}.QA|ARM.ActiveCfg = QA|Any CPU
		{AF5B416D-7007-447B-B7CE-ED79B3B42086}.QA|ARM.Build.0 = QA|Any CPU
		{AF5B416D-7007-447B-B7CE-ED79B3B42086}.QA|x64.ActiveCfg = QA|Any CPU
		{AF5B416D-7007-447B-B7CE-ED79B3B42086}.QA|x64.Build.0 = QA|Any CPU
		{AF5B416D-7007-447B-B7CE-ED79B3B42086}.QA|x86.ActiveCfg = QA|Any CPU
		{AF5B416D-7007-447B-B7CE-ED79B3B42086}.QA|x86.Build.0 = QA|Any CPU
		{AF5B416D-7007-447B-B7CE-ED79B3B42086}.Release|Any CPU.ActiveCfg = Release|Any CPU
		{AF5B416D-7007-447B-B7CE-ED79B3B42086}.Release|Any CPU.Build.0 = Release|Any CPU
		{AF5B416D-7007-447B-B7CE-ED79B3B42086}.Release|ARM.ActiveCfg = Release|Any CPU
		{AF5B416D-7007-447B-B7CE-ED79B3B42086}.Release|x64.ActiveCfg = Release|Any CPU
		{AF5B416D-7007-447B-B7CE-ED79B3B42086}.Release|x86.ActiveCfg = Release|Any CPU
		{39AE091F-FC43-49BA-A605-6B79ED269DA6}.Debug|Any CPU.ActiveCfg = Debug|Any CPU
		{39AE091F-FC43-49BA-A605-6B79ED269DA6}.Debug|Any CPU.Build.0 = Debug|Any CPU
		{39AE091F-FC43-49BA-A605-6B79ED269DA6}.Debug|ARM.ActiveCfg = Debug|Any CPU
		{39AE091F-FC43-49BA-A605-6B79ED269DA6}.Debug|x64.ActiveCfg = Debug|Any CPU
		{39AE091F-FC43-49BA-A605-6B79ED269DA6}.Debug|x86.ActiveCfg = Debug|Any CPU
		{39AE091F-FC43-49BA-A605-6B79ED269DA6}.QA|Any CPU.ActiveCfg = QA|Any CPU
		{39AE091F-FC43-49BA-A605-6B79ED269DA6}.QA|Any CPU.Build.0 = QA|Any CPU
		{39AE091F-FC43-49BA-A605-6B79ED269DA6}.QA|ARM.ActiveCfg = QA|Any CPU
		{39AE091F-FC43-49BA-A605-6B79ED269DA6}.QA|ARM.Build.0 = QA|Any CPU
		{39AE091F-FC43-49BA-A605-6B79ED269DA6}.QA|x64.ActiveCfg = QA|Any CPU
		{39AE091F-FC43-49BA-A605-6B79ED269DA6}.QA|x64.Build.0 = QA|Any CPU
		{39AE091F-FC43-49BA-A605-6B79ED269DA6}.QA|x86.ActiveCfg = QA|Any CPU
		{39AE091F-FC43-49BA-A605-6B79ED269DA6}.QA|x86.Build.0 = QA|Any CPU
		{39AE091F-FC43-49BA-A605-6B79ED269DA6}.Release|Any CPU.ActiveCfg = Release|Any CPU
		{39AE091F-FC43-49BA-A605-6B79ED269DA6}.Release|Any CPU.Build.0 = Release|Any CPU
		{39AE091F-FC43-49BA-A605-6B79ED269DA6}.Release|ARM.ActiveCfg = Release|Any CPU
		{39AE091F-FC43-49BA-A605-6B79ED269DA6}.Release|x64.ActiveCfg = Release|Any CPU
		{39AE091F-FC43-49BA-A605-6B79ED269DA6}.Release|x86.ActiveCfg = Release|Any CPU
		{8D39E3A9-29B9-4999-B8CA-2ADA47E66CA0}.Debug|Any CPU.ActiveCfg = Debug|Any CPU
		{8D39E3A9-29B9-4999-B8CA-2ADA47E66CA0}.Debug|Any CPU.Build.0 = Debug|Any CPU
		{8D39E3A9-29B9-4999-B8CA-2ADA47E66CA0}.Debug|ARM.ActiveCfg = Debug|Any CPU
		{8D39E3A9-29B9-4999-B8CA-2ADA47E66CA0}.Debug|x64.ActiveCfg = Debug|Any CPU
		{8D39E3A9-29B9-4999-B8CA-2ADA47E66CA0}.Debug|x86.ActiveCfg = Debug|Any CPU
		{8D39E3A9-29B9-4999-B8CA-2ADA47E66CA0}.QA|Any CPU.ActiveCfg = QA|Any CPU
		{8D39E3A9-29B9-4999-B8CA-2ADA47E66CA0}.QA|Any CPU.Build.0 = QA|Any CPU
		{8D39E3A9-29B9-4999-B8CA-2ADA47E66CA0}.QA|ARM.ActiveCfg = QA|Any CPU
		{8D39E3A9-29B9-4999-B8CA-2ADA47E66CA0}.QA|ARM.Build.0 = QA|Any CPU
		{8D39E3A9-29B9-4999-B8CA-2ADA47E66CA0}.QA|x64.ActiveCfg = QA|Any CPU
		{8D39E3A9-29B9-4999-B8CA-2ADA47E66CA0}.QA|x64.Build.0 = QA|Any CPU
		{8D39E3A9-29B9-4999-B8CA-2ADA47E66CA0}.QA|x86.ActiveCfg = QA|Any CPU
		{8D39E3A9-29B9-4999-B8CA-2ADA47E66CA0}.QA|x86.Build.0 = QA|Any CPU
		{8D39E3A9-29B9-4999-B8CA-2ADA47E66CA0}.Release|Any CPU.ActiveCfg = Release|Any CPU
		{8D39E3A9-29B9-4999-B8CA-2ADA47E66CA0}.Release|Any CPU.Build.0 = Release|Any CPU
		{8D39E3A9-29B9-4999-B8CA-2ADA47E66CA0}.Release|ARM.ActiveCfg = Release|Any CPU
		{8D39E3A9-29B9-4999-B8CA-2ADA47E66CA0}.Release|x64.ActiveCfg = Release|Any CPU
		{8D39E3A9-29B9-4999-B8CA-2ADA47E66CA0}.Release|x86.ActiveCfg = Release|Any CPU
		{FB049381-7815-4533-BCAE-3077D86722B0}.Debug|Any CPU.ActiveCfg = Debug|Any CPU
		{FB049381-7815-4533-BCAE-3077D86722B0}.Debug|Any CPU.Build.0 = Debug|Any CPU
		{FB049381-7815-4533-BCAE-3077D86722B0}.Debug|ARM.ActiveCfg = Debug|Any CPU
		{FB049381-7815-4533-BCAE-3077D86722B0}.Debug|x64.ActiveCfg = Debug|Any CPU
		{FB049381-7815-4533-BCAE-3077D86722B0}.Debug|x86.ActiveCfg = Debug|Any CPU
		{FB049381-7815-4533-BCAE-3077D86722B0}.QA|Any CPU.ActiveCfg = QA|Any CPU
		{FB049381-7815-4533-BCAE-3077D86722B0}.QA|Any CPU.Build.0 = QA|Any CPU
		{FB049381-7815-4533-BCAE-3077D86722B0}.QA|ARM.ActiveCfg = QA|Any CPU
		{FB049381-7815-4533-BCAE-3077D86722B0}.QA|ARM.Build.0 = QA|Any CPU
		{FB049381-7815-4533-BCAE-3077D86722B0}.QA|x64.ActiveCfg = QA|Any CPU
		{FB049381-7815-4533-BCAE-3077D86722B0}.QA|x64.Build.0 = QA|Any CPU
		{FB049381-7815-4533-BCAE-3077D86722B0}.QA|x86.ActiveCfg = QA|Any CPU
		{FB049381-7815-4533-BCAE-3077D86722B0}.QA|x86.Build.0 = QA|Any CPU
		{FB049381-7815-4533-BCAE-3077D86722B0}.Release|Any CPU.ActiveCfg = Release|Any CPU
		{FB049381-7815-4533-BCAE-3077D86722B0}.Release|Any CPU.Build.0 = Release|Any CPU
		{FB049381-7815-4533-BCAE-3077D86722B0}.Release|ARM.ActiveCfg = Release|Any CPU
		{FB049381-7815-4533-BCAE-3077D86722B0}.Release|x64.ActiveCfg = Release|Any CPU
		{FB049381-7815-4533-BCAE-3077D86722B0}.Release|x86.ActiveCfg = Release|Any CPU
		{D519BE95-FEE1-42D1-A60E-A3C008E1F8AA}.Debug|Any CPU.ActiveCfg = Debug|Any CPU
		{D519BE95-FEE1-42D1-A60E-A3C008E1F8AA}.Debug|Any CPU.Build.0 = Debug|Any CPU
		{D519BE95-FEE1-42D1-A60E-A3C008E1F8AA}.Debug|ARM.ActiveCfg = Debug|Any CPU
		{D519BE95-FEE1-42D1-A60E-A3C008E1F8AA}.Debug|x64.ActiveCfg = Debug|Any CPU
		{D519BE95-FEE1-42D1-A60E-A3C008E1F8AA}.Debug|x86.ActiveCfg = Debug|Any CPU
		{D519BE95-FEE1-42D1-A60E-A3C008E1F8AA}.QA|Any CPU.ActiveCfg = QA|Any CPU
		{D519BE95-FEE1-42D1-A60E-A3C008E1F8AA}.QA|Any CPU.Build.0 = QA|Any CPU
		{D519BE95-FEE1-42D1-A60E-A3C008E1F8AA}.QA|ARM.ActiveCfg = QA|Any CPU
		{D519BE95-FEE1-42D1-A60E-A3C008E1F8AA}.QA|ARM.Build.0 = QA|Any CPU
		{D519BE95-FEE1-42D1-A60E-A3C008E1F8AA}.QA|x64.ActiveCfg = QA|Any CPU
		{D519BE95-FEE1-42D1-A60E-A3C008E1F8AA}.QA|x64.Build.0 = QA|Any CPU
		{D519BE95-FEE1-42D1-A60E-A3C008E1F8AA}.QA|x86.ActiveCfg = QA|Any CPU
		{D519BE95-FEE1-42D1-A60E-A3C008E1F8AA}.QA|x86.Build.0 = QA|Any CPU
		{D519BE95-FEE1-42D1-A60E-A3C008E1F8AA}.Release|Any CPU.ActiveCfg = Release|Any CPU
		{D519BE95-FEE1-42D1-A60E-A3C008E1F8AA}.Release|Any CPU.Build.0 = Release|Any CPU
		{D519BE95-FEE1-42D1-A60E-A3C008E1F8AA}.Release|ARM.ActiveCfg = Release|Any CPU
		{D519BE95-FEE1-42D1-A60E-A3C008E1F8AA}.Release|x64.ActiveCfg = Release|Any CPU
		{D519BE95-FEE1-42D1-A60E-A3C008E1F8AA}.Release|x86.ActiveCfg = Release|Any CPU
		{C26F378C-8F63-49B5-BBED-3031071C300A}.Debug|Any CPU.ActiveCfg = Debug|Any CPU
		{C26F378C-8F63-49B5-BBED-3031071C300A}.Debug|Any CPU.Build.0 = Debug|Any CPU
		{C26F378C-8F63-49B5-BBED-3031071C300A}.Debug|ARM.ActiveCfg = Debug|Any CPU
		{C26F378C-8F63-49B5-BBED-3031071C300A}.Debug|x64.ActiveCfg = Debug|Any CPU
		{C26F378C-8F63-49B5-BBED-3031071C300A}.Debug|x86.ActiveCfg = Debug|Any CPU
		{C26F378C-8F63-49B5-BBED-3031071C300A}.QA|Any CPU.ActiveCfg = QA|Any CPU
		{C26F378C-8F63-49B5-BBED-3031071C300A}.QA|Any CPU.Build.0 = QA|Any CPU
		{C26F378C-8F63-49B5-BBED-3031071C300A}.QA|ARM.ActiveCfg = QA|Any CPU
		{C26F378C-8F63-49B5-BBED-3031071C300A}.QA|ARM.Build.0 = QA|Any CPU
		{C26F378C-8F63-49B5-BBED-3031071C300A}.QA|x64.ActiveCfg = QA|Any CPU
		{C26F378C-8F63-49B5-BBED-3031071C300A}.QA|x64.Build.0 = QA|Any CPU
		{C26F378C-8F63-49B5-BBED-3031071C300A}.QA|x86.ActiveCfg = QA|Any CPU
		{C26F378C-8F63-49B5-BBED-3031071C300A}.QA|x86.Build.0 = QA|Any CPU
		{C26F378C-8F63-49B5-BBED-3031071C300A}.Release|Any CPU.ActiveCfg = Release|Any CPU
		{C26F378C-8F63-49B5-BBED-3031071C300A}.Release|Any CPU.Build.0 = Release|Any CPU
		{C26F378C-8F63-49B5-BBED-3031071C300A}.Release|ARM.ActiveCfg = Release|Any CPU
		{C26F378C-8F63-49B5-BBED-3031071C300A}.Release|x64.ActiveCfg = Release|Any CPU
		{C26F378C-8F63-49B5-BBED-3031071C300A}.Release|x86.ActiveCfg = Release|Any CPU
		{E60E73C7-09B9-45B2-950F-547350CFBE93}.Debug|Any CPU.ActiveCfg = Debug|Any CPU
		{E60E73C7-09B9-45B2-950F-547350CFBE93}.Debug|Any CPU.Build.0 = Debug|Any CPU
		{E60E73C7-09B9-45B2-950F-547350CFBE93}.Debug|ARM.ActiveCfg = Debug|Any CPU
		{E60E73C7-09B9-45B2-950F-547350CFBE93}.Debug|x64.ActiveCfg = Debug|Any CPU
		{E60E73C7-09B9-45B2-950F-547350CFBE93}.Debug|x86.ActiveCfg = Debug|Any CPU
		{E60E73C7-09B9-45B2-950F-547350CFBE93}.QA|Any CPU.ActiveCfg = QA|Any CPU
		{E60E73C7-09B9-45B2-950F-547350CFBE93}.QA|Any CPU.Build.0 = QA|Any CPU
		{E60E73C7-09B9-45B2-950F-547350CFBE93}.QA|ARM.ActiveCfg = QA|Any CPU
		{E60E73C7-09B9-45B2-950F-547350CFBE93}.QA|ARM.Build.0 = QA|Any CPU
		{E60E73C7-09B9-45B2-950F-547350CFBE93}.QA|x64.ActiveCfg = QA|Any CPU
		{E60E73C7-09B9-45B2-950F-547350CFBE93}.QA|x64.Build.0 = QA|Any CPU
		{E60E73C7-09B9-45B2-950F-547350CFBE93}.QA|x86.ActiveCfg = QA|Any CPU
		{E60E73C7-09B9-45B2-950F-547350CFBE93}.QA|x86.Build.0 = QA|Any CPU
		{E60E73C7-09B9-45B2-950F-547350CFBE93}.Release|Any CPU.ActiveCfg = Release|Any CPU
		{E60E73C7-09B9-45B2-950F-547350CFBE93}.Release|Any CPU.Build.0 = Release|Any CPU
		{E60E73C7-09B9-45B2-950F-547350CFBE93}.Release|ARM.ActiveCfg = Release|Any CPU
		{E60E73C7-09B9-45B2-950F-547350CFBE93}.Release|x64.ActiveCfg = Release|Any CPU
		{E60E73C7-09B9-45B2-950F-547350CFBE93}.Release|x86.ActiveCfg = Release|Any CPU
		{BFEBC671-1C27-40E8-BB98-C5B23919FCC7}.Debug|Any CPU.ActiveCfg = Debug|Any CPU
		{BFEBC671-1C27-40E8-BB98-C5B23919FCC7}.Debug|Any CPU.Build.0 = Debug|Any CPU
		{BFEBC671-1C27-40E8-BB98-C5B23919FCC7}.Debug|ARM.ActiveCfg = Debug|Any CPU
		{BFEBC671-1C27-40E8-BB98-C5B23919FCC7}.Debug|x64.ActiveCfg = Debug|Any CPU
		{BFEBC671-1C27-40E8-BB98-C5B23919FCC7}.Debug|x86.ActiveCfg = Debug|Any CPU
		{BFEBC671-1C27-40E8-BB98-C5B23919FCC7}.QA|Any CPU.ActiveCfg = QA|Any CPU
		{BFEBC671-1C27-40E8-BB98-C5B23919FCC7}.QA|Any CPU.Build.0 = QA|Any CPU
		{BFEBC671-1C27-40E8-BB98-C5B23919FCC7}.QA|ARM.ActiveCfg = QA|Any CPU
		{BFEBC671-1C27-40E8-BB98-C5B23919FCC7}.QA|ARM.Build.0 = QA|Any CPU
		{BFEBC671-1C27-40E8-BB98-C5B23919FCC7}.QA|x64.ActiveCfg = QA|Any CPU
		{BFEBC671-1C27-40E8-BB98-C5B23919FCC7}.QA|x64.Build.0 = QA|Any CPU
		{BFEBC671-1C27-40E8-BB98-C5B23919FCC7}.QA|x86.ActiveCfg = QA|Any CPU
		{BFEBC671-1C27-40E8-BB98-C5B23919FCC7}.QA|x86.Build.0 = QA|Any CPU
		{BFEBC671-1C27-40E8-BB98-C5B23919FCC7}.Release|Any CPU.ActiveCfg = Release|Any CPU
		{BFEBC671-1C27-40E8-BB98-C5B23919FCC7}.Release|Any CPU.Build.0 = Release|Any CPU
		{BFEBC671-1C27-40E8-BB98-C5B23919FCC7}.Release|ARM.ActiveCfg = Release|Any CPU
		{BFEBC671-1C27-40E8-BB98-C5B23919FCC7}.Release|x64.ActiveCfg = Release|Any CPU
		{BFEBC671-1C27-40E8-BB98-C5B23919FCC7}.Release|x86.ActiveCfg = Release|Any CPU
		{18B71681-F11B-4F62-A4E9-A388FCC9A4B7}.Debug|Any CPU.ActiveCfg = Debug|Any CPU
		{18B71681-F11B-4F62-A4E9-A388FCC9A4B7}.Debug|Any CPU.Build.0 = Debug|Any CPU
		{18B71681-F11B-4F62-A4E9-A388FCC9A4B7}.Debug|ARM.ActiveCfg = Debug|Any CPU
		{18B71681-F11B-4F62-A4E9-A388FCC9A4B7}.Debug|x64.ActiveCfg = Debug|Any CPU
		{18B71681-F11B-4F62-A4E9-A388FCC9A4B7}.Debug|x86.ActiveCfg = Debug|Any CPU
		{18B71681-F11B-4F62-A4E9-A388FCC9A4B7}.QA|Any CPU.ActiveCfg = QA|Any CPU
		{18B71681-F11B-4F62-A4E9-A388FCC9A4B7}.QA|Any CPU.Build.0 = QA|Any CPU
		{18B71681-F11B-4F62-A4E9-A388FCC9A4B7}.QA|ARM.ActiveCfg = QA|Any CPU
		{18B71681-F11B-4F62-A4E9-A388FCC9A4B7}.QA|ARM.Build.0 = QA|Any CPU
		{18B71681-F11B-4F62-A4E9-A388FCC9A4B7}.QA|x64.ActiveCfg = QA|Any CPU
		{18B71681-F11B-4F62-A4E9-A388FCC9A4B7}.QA|x64.Build.0 = QA|Any CPU
		{18B71681-F11B-4F62-A4E9-A388FCC9A4B7}.QA|x86.ActiveCfg = QA|Any CPU
		{18B71681-F11B-4F62-A4E9-A388FCC9A4B7}.QA|x86.Build.0 = QA|Any CPU
		{18B71681-F11B-4F62-A4E9-A388FCC9A4B7}.Release|Any CPU.ActiveCfg = Release|Any CPU
		{18B71681-F11B-4F62-A4E9-A388FCC9A4B7}.Release|Any CPU.Build.0 = Release|Any CPU
		{18B71681-F11B-4F62-A4E9-A388FCC9A4B7}.Release|ARM.ActiveCfg = Release|Any CPU
		{18B71681-F11B-4F62-A4E9-A388FCC9A4B7}.Release|x64.ActiveCfg = Release|Any CPU
		{18B71681-F11B-4F62-A4E9-A388FCC9A4B7}.Release|x86.ActiveCfg = Release|Any CPU
		{72CAA794-0117-495A-9F88-D2EFDD81FA95}.Debug|Any CPU.ActiveCfg = Debug|Any CPU
		{72CAA794-0117-495A-9F88-D2EFDD81FA95}.Debug|Any CPU.Build.0 = Debug|Any CPU
		{72CAA794-0117-495A-9F88-D2EFDD81FA95}.Debug|ARM.ActiveCfg = Debug|Any CPU
		{72CAA794-0117-495A-9F88-D2EFDD81FA95}.Debug|x64.ActiveCfg = Debug|Any CPU
		{72CAA794-0117-495A-9F88-D2EFDD81FA95}.Debug|x86.ActiveCfg = Debug|Any CPU
		{72CAA794-0117-495A-9F88-D2EFDD81FA95}.QA|Any CPU.ActiveCfg = QA|Any CPU
		{72CAA794-0117-495A-9F88-D2EFDD81FA95}.QA|Any CPU.Build.0 = QA|Any CPU
		{72CAA794-0117-495A-9F88-D2EFDD81FA95}.QA|ARM.ActiveCfg = QA|Any CPU
		{72CAA794-0117-495A-9F88-D2EFDD81FA95}.QA|ARM.Build.0 = QA|Any CPU
		{72CAA794-0117-495A-9F88-D2EFDD81FA95}.QA|x64.ActiveCfg = QA|Any CPU
		{72CAA794-0117-495A-9F88-D2EFDD81FA95}.QA|x64.Build.0 = QA|Any CPU
		{72CAA794-0117-495A-9F88-D2EFDD81FA95}.QA|x86.ActiveCfg = QA|Any CPU
		{72CAA794-0117-495A-9F88-D2EFDD81FA95}.QA|x86.Build.0 = QA|Any CPU
		{72CAA794-0117-495A-9F88-D2EFDD81FA95}.Release|Any CPU.ActiveCfg = Release|Any CPU
		{72CAA794-0117-495A-9F88-D2EFDD81FA95}.Release|Any CPU.Build.0 = Release|Any CPU
		{72CAA794-0117-495A-9F88-D2EFDD81FA95}.Release|ARM.ActiveCfg = Release|Any CPU
		{72CAA794-0117-495A-9F88-D2EFDD81FA95}.Release|x64.ActiveCfg = Release|Any CPU
		{72CAA794-0117-495A-9F88-D2EFDD81FA95}.Release|x86.ActiveCfg = Release|Any CPU
		{DBB83446-3C9E-4F1D-AC1C-2C88053BFDDD}.Debug|Any CPU.ActiveCfg = Debug|Any CPU
		{DBB83446-3C9E-4F1D-AC1C-2C88053BFDDD}.Debug|Any CPU.Build.0 = Debug|Any CPU
		{DBB83446-3C9E-4F1D-AC1C-2C88053BFDDD}.Debug|ARM.ActiveCfg = Debug|Any CPU
		{DBB83446-3C9E-4F1D-AC1C-2C88053BFDDD}.Debug|x64.ActiveCfg = Debug|Any CPU
		{DBB83446-3C9E-4F1D-AC1C-2C88053BFDDD}.Debug|x86.ActiveCfg = Debug|Any CPU
		{DBB83446-3C9E-4F1D-AC1C-2C88053BFDDD}.QA|Any CPU.ActiveCfg = QA|Any CPU
		{DBB83446-3C9E-4F1D-AC1C-2C88053BFDDD}.QA|Any CPU.Build.0 = QA|Any CPU
		{DBB83446-3C9E-4F1D-AC1C-2C88053BFDDD}.QA|ARM.ActiveCfg = QA|Any CPU
		{DBB83446-3C9E-4F1D-AC1C-2C88053BFDDD}.QA|ARM.Build.0 = QA|Any CPU
		{DBB83446-3C9E-4F1D-AC1C-2C88053BFDDD}.QA|x64.ActiveCfg = QA|Any CPU
		{DBB83446-3C9E-4F1D-AC1C-2C88053BFDDD}.QA|x64.Build.0 = QA|Any CPU
		{DBB83446-3C9E-4F1D-AC1C-2C88053BFDDD}.QA|x86.ActiveCfg = QA|Any CPU
		{DBB83446-3C9E-4F1D-AC1C-2C88053BFDDD}.QA|x86.Build.0 = QA|Any CPU
		{DBB83446-3C9E-4F1D-AC1C-2C88053BFDDD}.Release|Any CPU.ActiveCfg = Release|Any CPU
		{DBB83446-3C9E-4F1D-AC1C-2C88053BFDDD}.Release|Any CPU.Build.0 = Release|Any CPU
		{DBB83446-3C9E-4F1D-AC1C-2C88053BFDDD}.Release|ARM.ActiveCfg = Release|Any CPU
		{DBB83446-3C9E-4F1D-AC1C-2C88053BFDDD}.Release|x64.ActiveCfg = Release|Any CPU
		{DBB83446-3C9E-4F1D-AC1C-2C88053BFDDD}.Release|x86.ActiveCfg = Release|Any CPU
		{E7A571BC-3924-4BE5-8B56-BB8574B30CE9}.Debug|Any CPU.ActiveCfg = Debug|Any CPU
		{E7A571BC-3924-4BE5-8B56-BB8574B30CE9}.Debug|Any CPU.Build.0 = Debug|Any CPU
		{E7A571BC-3924-4BE5-8B56-BB8574B30CE9}.Debug|ARM.ActiveCfg = Debug|Any CPU
		{E7A571BC-3924-4BE5-8B56-BB8574B30CE9}.Debug|x64.ActiveCfg = Debug|Any CPU
		{E7A571BC-3924-4BE5-8B56-BB8574B30CE9}.Debug|x86.ActiveCfg = Debug|Any CPU
		{E7A571BC-3924-4BE5-8B56-BB8574B30CE9}.QA|Any CPU.ActiveCfg = QA|Any CPU
		{E7A571BC-3924-4BE5-8B56-BB8574B30CE9}.QA|Any CPU.Build.0 = QA|Any CPU
		{E7A571BC-3924-4BE5-8B56-BB8574B30CE9}.QA|ARM.ActiveCfg = QA|Any CPU
		{E7A571BC-3924-4BE5-8B56-BB8574B30CE9}.QA|ARM.Build.0 = QA|Any CPU
		{E7A571BC-3924-4BE5-8B56-BB8574B30CE9}.QA|x64.ActiveCfg = QA|Any CPU
		{E7A571BC-3924-4BE5-8B56-BB8574B30CE9}.QA|x64.Build.0 = QA|Any CPU
		{E7A571BC-3924-4BE5-8B56-BB8574B30CE9}.QA|x86.ActiveCfg = QA|Any CPU
		{E7A571BC-3924-4BE5-8B56-BB8574B30CE9}.QA|x86.Build.0 = QA|Any CPU
		{E7A571BC-3924-4BE5-8B56-BB8574B30CE9}.Release|Any CPU.ActiveCfg = Release|Any CPU
		{E7A571BC-3924-4BE5-8B56-BB8574B30CE9}.Release|Any CPU.Build.0 = Release|Any CPU
		{E7A571BC-3924-4BE5-8B56-BB8574B30CE9}.Release|ARM.ActiveCfg = Release|Any CPU
		{E7A571BC-3924-4BE5-8B56-BB8574B30CE9}.Release|x64.ActiveCfg = Release|Any CPU
		{E7A571BC-3924-4BE5-8B56-BB8574B30CE9}.Release|x86.ActiveCfg = Release|Any CPU
		{83102521-802C-4194-91E9-20DF507462C0}.Debug|Any CPU.ActiveCfg = Debug|Any CPU
		{83102521-802C-4194-91E9-20DF507462C0}.Debug|Any CPU.Build.0 = Debug|Any CPU
		{83102521-802C-4194-91E9-20DF507462C0}.Debug|ARM.ActiveCfg = Debug|Any CPU
		{83102521-802C-4194-91E9-20DF507462C0}.Debug|x64.ActiveCfg = Debug|Any CPU
		{83102521-802C-4194-91E9-20DF507462C0}.Debug|x86.ActiveCfg = Debug|Any CPU
		{83102521-802C-4194-91E9-20DF507462C0}.QA|Any CPU.ActiveCfg = QA|Any CPU
		{83102521-802C-4194-91E9-20DF507462C0}.QA|Any CPU.Build.0 = QA|Any CPU
		{83102521-802C-4194-91E9-20DF507462C0}.QA|ARM.ActiveCfg = QA|Any CPU
		{83102521-802C-4194-91E9-20DF507462C0}.QA|ARM.Build.0 = QA|Any CPU
		{83102521-802C-4194-91E9-20DF507462C0}.QA|x64.ActiveCfg = QA|Any CPU
		{83102521-802C-4194-91E9-20DF507462C0}.QA|x64.Build.0 = QA|Any CPU
		{83102521-802C-4194-91E9-20DF507462C0}.QA|x86.ActiveCfg = QA|Any CPU
		{83102521-802C-4194-91E9-20DF507462C0}.QA|x86.Build.0 = QA|Any CPU
		{83102521-802C-4194-91E9-20DF507462C0}.Release|Any CPU.ActiveCfg = Release|Any CPU
		{83102521-802C-4194-91E9-20DF507462C0}.Release|Any CPU.Build.0 = Release|Any CPU
		{83102521-802C-4194-91E9-20DF507462C0}.Release|ARM.ActiveCfg = Release|Any CPU
		{83102521-802C-4194-91E9-20DF507462C0}.Release|x64.ActiveCfg = Release|Any CPU
		{83102521-802C-4194-91E9-20DF507462C0}.Release|x86.ActiveCfg = Release|Any CPU
		{A9C80924-5E70-4A3D-A9C3-DDF70681E76D}.Debug|Any CPU.ActiveCfg = Debug|Any CPU
		{A9C80924-5E70-4A3D-A9C3-DDF70681E76D}.Debug|Any CPU.Build.0 = Debug|Any CPU
		{A9C80924-5E70-4A3D-A9C3-DDF70681E76D}.Debug|ARM.ActiveCfg = Debug|Any CPU
		{A9C80924-5E70-4A3D-A9C3-DDF70681E76D}.Debug|x64.ActiveCfg = Debug|Any CPU
		{A9C80924-5E70-4A3D-A9C3-DDF70681E76D}.Debug|x86.ActiveCfg = Debug|Any CPU
		{A9C80924-5E70-4A3D-A9C3-DDF70681E76D}.QA|Any CPU.ActiveCfg = QA|Any CPU
		{A9C80924-5E70-4A3D-A9C3-DDF70681E76D}.QA|Any CPU.Build.0 = QA|Any CPU
		{A9C80924-5E70-4A3D-A9C3-DDF70681E76D}.QA|ARM.ActiveCfg = QA|Any CPU
		{A9C80924-5E70-4A3D-A9C3-DDF70681E76D}.QA|ARM.Build.0 = QA|Any CPU
		{A9C80924-5E70-4A3D-A9C3-DDF70681E76D}.QA|x64.ActiveCfg = QA|Any CPU
		{A9C80924-5E70-4A3D-A9C3-DDF70681E76D}.QA|x64.Build.0 = QA|Any CPU
		{A9C80924-5E70-4A3D-A9C3-DDF70681E76D}.QA|x86.ActiveCfg = QA|Any CPU
		{A9C80924-5E70-4A3D-A9C3-DDF70681E76D}.QA|x86.Build.0 = QA|Any CPU
		{A9C80924-5E70-4A3D-A9C3-DDF70681E76D}.Release|Any CPU.ActiveCfg = Release|Any CPU
		{A9C80924-5E70-4A3D-A9C3-DDF70681E76D}.Release|Any CPU.Build.0 = Release|Any CPU
		{A9C80924-5E70-4A3D-A9C3-DDF70681E76D}.Release|ARM.ActiveCfg = Release|Any CPU
		{A9C80924-5E70-4A3D-A9C3-DDF70681E76D}.Release|x64.ActiveCfg = Release|Any CPU
		{A9C80924-5E70-4A3D-A9C3-DDF70681E76D}.Release|x86.ActiveCfg = Release|Any CPU
		{8431DD40-ACA4-4D0A-889D-7744513C5F5A}.Debug|Any CPU.ActiveCfg = Debug|Any CPU
		{8431DD40-ACA4-4D0A-889D-7744513C5F5A}.Debug|Any CPU.Build.0 = Debug|Any CPU
		{8431DD40-ACA4-4D0A-889D-7744513C5F5A}.Debug|ARM.ActiveCfg = Debug|Any CPU
		{8431DD40-ACA4-4D0A-889D-7744513C5F5A}.Debug|x64.ActiveCfg = Debug|Any CPU
		{8431DD40-ACA4-4D0A-889D-7744513C5F5A}.Debug|x86.ActiveCfg = Debug|Any CPU
		{8431DD40-ACA4-4D0A-889D-7744513C5F5A}.QA|Any CPU.ActiveCfg = QA|Any CPU
		{8431DD40-ACA4-4D0A-889D-7744513C5F5A}.QA|Any CPU.Build.0 = QA|Any CPU
		{8431DD40-ACA4-4D0A-889D-7744513C5F5A}.QA|ARM.ActiveCfg = QA|Any CPU
		{8431DD40-ACA4-4D0A-889D-7744513C5F5A}.QA|ARM.Build.0 = QA|Any CPU
		{8431DD40-ACA4-4D0A-889D-7744513C5F5A}.QA|x64.ActiveCfg = QA|Any CPU
		{8431DD40-ACA4-4D0A-889D-7744513C5F5A}.QA|x64.Build.0 = QA|Any CPU
		{8431DD40-ACA4-4D0A-889D-7744513C5F5A}.QA|x86.ActiveCfg = QA|Any CPU
		{8431DD40-ACA4-4D0A-889D-7744513C5F5A}.QA|x86.Build.0 = QA|Any CPU
		{8431DD40-ACA4-4D0A-889D-7744513C5F5A}.Release|Any CPU.ActiveCfg = Release|Any CPU
		{8431DD40-ACA4-4D0A-889D-7744513C5F5A}.Release|Any CPU.Build.0 = Release|Any CPU
		{8431DD40-ACA4-4D0A-889D-7744513C5F5A}.Release|ARM.ActiveCfg = Release|Any CPU
		{8431DD40-ACA4-4D0A-889D-7744513C5F5A}.Release|x64.ActiveCfg = Release|Any CPU
		{8431DD40-ACA4-4D0A-889D-7744513C5F5A}.Release|x86.ActiveCfg = Release|Any CPU
		{1EAC9A59-224C-41A1-8909-9FBC28DCF895}.Debug|Any CPU.ActiveCfg = Debug|Any CPU
		{1EAC9A59-224C-41A1-8909-9FBC28DCF895}.Debug|Any CPU.Build.0 = Debug|Any CPU
		{1EAC9A59-224C-41A1-8909-9FBC28DCF895}.Debug|ARM.ActiveCfg = Debug|Any CPU
		{1EAC9A59-224C-41A1-8909-9FBC28DCF895}.Debug|x64.ActiveCfg = Debug|Any CPU
		{1EAC9A59-224C-41A1-8909-9FBC28DCF895}.Debug|x86.ActiveCfg = Debug|Any CPU
		{1EAC9A59-224C-41A1-8909-9FBC28DCF895}.QA|Any CPU.ActiveCfg = QA|Any CPU
		{1EAC9A59-224C-41A1-8909-9FBC28DCF895}.QA|Any CPU.Build.0 = QA|Any CPU
		{1EAC9A59-224C-41A1-8909-9FBC28DCF895}.QA|ARM.ActiveCfg = QA|Any CPU
		{1EAC9A59-224C-41A1-8909-9FBC28DCF895}.QA|ARM.Build.0 = QA|Any CPU
		{1EAC9A59-224C-41A1-8909-9FBC28DCF895}.QA|x64.ActiveCfg = QA|Any CPU
		{1EAC9A59-224C-41A1-8909-9FBC28DCF895}.QA|x64.Build.0 = QA|Any CPU
		{1EAC9A59-224C-41A1-8909-9FBC28DCF895}.QA|x86.ActiveCfg = QA|Any CPU
		{1EAC9A59-224C-41A1-8909-9FBC28DCF895}.QA|x86.Build.0 = QA|Any CPU
		{1EAC9A59-224C-41A1-8909-9FBC28DCF895}.Release|Any CPU.ActiveCfg = Release|Any CPU
		{1EAC9A59-224C-41A1-8909-9FBC28DCF895}.Release|Any CPU.Build.0 = Release|Any CPU
		{1EAC9A59-224C-41A1-8909-9FBC28DCF895}.Release|ARM.ActiveCfg = Release|Any CPU
		{1EAC9A59-224C-41A1-8909-9FBC28DCF895}.Release|x64.ActiveCfg = Release|Any CPU
		{1EAC9A59-224C-41A1-8909-9FBC28DCF895}.Release|x86.ActiveCfg = Release|Any CPU
		{87EC3C84-0B6C-4322-B940-D63B57ABB8C0}.Debug|Any CPU.ActiveCfg = Debug|Any CPU
		{87EC3C84-0B6C-4322-B940-D63B57ABB8C0}.Debug|Any CPU.Build.0 = Debug|Any CPU
		{87EC3C84-0B6C-4322-B940-D63B57ABB8C0}.Debug|ARM.ActiveCfg = Debug|Any CPU
		{87EC3C84-0B6C-4322-B940-D63B57ABB8C0}.Debug|x64.ActiveCfg = Debug|Any CPU
		{87EC3C84-0B6C-4322-B940-D63B57ABB8C0}.Debug|x86.ActiveCfg = Debug|Any CPU
		{87EC3C84-0B6C-4322-B940-D63B57ABB8C0}.QA|Any CPU.ActiveCfg = QA|Any CPU
		{87EC3C84-0B6C-4322-B940-D63B57ABB8C0}.QA|Any CPU.Build.0 = QA|Any CPU
		{87EC3C84-0B6C-4322-B940-D63B57ABB8C0}.QA|ARM.ActiveCfg = QA|Any CPU
		{87EC3C84-0B6C-4322-B940-D63B57ABB8C0}.QA|ARM.Build.0 = QA|Any CPU
		{87EC3C84-0B6C-4322-B940-D63B57ABB8C0}.QA|x64.ActiveCfg = QA|Any CPU
		{87EC3C84-0B6C-4322-B940-D63B57ABB8C0}.QA|x64.Build.0 = QA|Any CPU
		{87EC3C84-0B6C-4322-B940-D63B57ABB8C0}.QA|x86.ActiveCfg = QA|Any CPU
		{87EC3C84-0B6C-4322-B940-D63B57ABB8C0}.QA|x86.Build.0 = QA|Any CPU
		{87EC3C84-0B6C-4322-B940-D63B57ABB8C0}.Release|Any CPU.ActiveCfg = Release|Any CPU
		{87EC3C84-0B6C-4322-B940-D63B57ABB8C0}.Release|Any CPU.Build.0 = Release|Any CPU
		{87EC3C84-0B6C-4322-B940-D63B57ABB8C0}.Release|ARM.ActiveCfg = Release|Any CPU
		{87EC3C84-0B6C-4322-B940-D63B57ABB8C0}.Release|x64.ActiveCfg = Release|Any CPU
		{87EC3C84-0B6C-4322-B940-D63B57ABB8C0}.Release|x86.ActiveCfg = Release|Any CPU
		{B6761F22-B7EE-4818-AF44-181DB6E3A703}.Debug|Any CPU.ActiveCfg = Debug|Any CPU
		{B6761F22-B7EE-4818-AF44-181DB6E3A703}.Debug|Any CPU.Build.0 = Debug|Any CPU
		{B6761F22-B7EE-4818-AF44-181DB6E3A703}.Debug|ARM.ActiveCfg = Debug|Any CPU
		{B6761F22-B7EE-4818-AF44-181DB6E3A703}.Debug|x64.ActiveCfg = Debug|Any CPU
		{B6761F22-B7EE-4818-AF44-181DB6E3A703}.Debug|x86.ActiveCfg = Debug|Any CPU
		{B6761F22-B7EE-4818-AF44-181DB6E3A703}.QA|Any CPU.ActiveCfg = QA|Any CPU
		{B6761F22-B7EE-4818-AF44-181DB6E3A703}.QA|Any CPU.Build.0 = QA|Any CPU
		{B6761F22-B7EE-4818-AF44-181DB6E3A703}.QA|ARM.ActiveCfg = QA|Any CPU
		{B6761F22-B7EE-4818-AF44-181DB6E3A703}.QA|ARM.Build.0 = QA|Any CPU
		{B6761F22-B7EE-4818-AF44-181DB6E3A703}.QA|x64.ActiveCfg = QA|Any CPU
		{B6761F22-B7EE-4818-AF44-181DB6E3A703}.QA|x64.Build.0 = QA|Any CPU
		{B6761F22-B7EE-4818-AF44-181DB6E3A703}.QA|x86.ActiveCfg = QA|Any CPU
		{B6761F22-B7EE-4818-AF44-181DB6E3A703}.QA|x86.Build.0 = QA|Any CPU
		{B6761F22-B7EE-4818-AF44-181DB6E3A703}.Release|Any CPU.ActiveCfg = Release|Any CPU
		{B6761F22-B7EE-4818-AF44-181DB6E3A703}.Release|Any CPU.Build.0 = Release|Any CPU
		{B6761F22-B7EE-4818-AF44-181DB6E3A703}.Release|ARM.ActiveCfg = Release|Any CPU
		{B6761F22-B7EE-4818-AF44-181DB6E3A703}.Release|x64.ActiveCfg = Release|Any CPU
		{B6761F22-B7EE-4818-AF44-181DB6E3A703}.Release|x86.ActiveCfg = Release|Any CPU
		{9C8618FA-42D8-4062-A02A-B8B0AD877F6C}.Debug|Any CPU.ActiveCfg = Debug|Any CPU
		{9C8618FA-42D8-4062-A02A-B8B0AD877F6C}.Debug|Any CPU.Build.0 = Debug|Any CPU
		{9C8618FA-42D8-4062-A02A-B8B0AD877F6C}.Debug|ARM.ActiveCfg = Debug|Any CPU
		{9C8618FA-42D8-4062-A02A-B8B0AD877F6C}.Debug|x64.ActiveCfg = Debug|Any CPU
		{9C8618FA-42D8-4062-A02A-B8B0AD877F6C}.Debug|x86.ActiveCfg = Debug|Any CPU
		{9C8618FA-42D8-4062-A02A-B8B0AD877F6C}.QA|Any CPU.ActiveCfg = QA|Any CPU
		{9C8618FA-42D8-4062-A02A-B8B0AD877F6C}.QA|Any CPU.Build.0 = QA|Any CPU
		{9C8618FA-42D8-4062-A02A-B8B0AD877F6C}.QA|ARM.ActiveCfg = QA|Any CPU
		{9C8618FA-42D8-4062-A02A-B8B0AD877F6C}.QA|ARM.Build.0 = QA|Any CPU
		{9C8618FA-42D8-4062-A02A-B8B0AD877F6C}.QA|x64.ActiveCfg = QA|Any CPU
		{9C8618FA-42D8-4062-A02A-B8B0AD877F6C}.QA|x64.Build.0 = QA|Any CPU
		{9C8618FA-42D8-4062-A02A-B8B0AD877F6C}.QA|x86.ActiveCfg = QA|Any CPU
		{9C8618FA-42D8-4062-A02A-B8B0AD877F6C}.QA|x86.Build.0 = QA|Any CPU
		{9C8618FA-42D8-4062-A02A-B8B0AD877F6C}.Release|Any CPU.ActiveCfg = Release|Any CPU
		{9C8618FA-42D8-4062-A02A-B8B0AD877F6C}.Release|Any CPU.Build.0 = Release|Any CPU
		{9C8618FA-42D8-4062-A02A-B8B0AD877F6C}.Release|ARM.ActiveCfg = Release|Any CPU
		{9C8618FA-42D8-4062-A02A-B8B0AD877F6C}.Release|x64.ActiveCfg = Release|Any CPU
		{9C8618FA-42D8-4062-A02A-B8B0AD877F6C}.Release|x86.ActiveCfg = Release|Any CPU
		{890CF446-3E24-49B2-A273-A0696F55133D}.Debug|Any CPU.ActiveCfg = Debug|Any CPU
		{890CF446-3E24-49B2-A273-A0696F55133D}.Debug|Any CPU.Build.0 = Debug|Any CPU
		{890CF446-3E24-49B2-A273-A0696F55133D}.Debug|ARM.ActiveCfg = Debug|Any CPU
		{890CF446-3E24-49B2-A273-A0696F55133D}.Debug|x64.ActiveCfg = Debug|Any CPU
		{890CF446-3E24-49B2-A273-A0696F55133D}.Debug|x86.ActiveCfg = Debug|Any CPU
		{890CF446-3E24-49B2-A273-A0696F55133D}.QA|Any CPU.ActiveCfg = QA|Any CPU
		{890CF446-3E24-49B2-A273-A0696F55133D}.QA|Any CPU.Build.0 = QA|Any CPU
		{890CF446-3E24-49B2-A273-A0696F55133D}.QA|ARM.ActiveCfg = QA|Any CPU
		{890CF446-3E24-49B2-A273-A0696F55133D}.QA|ARM.Build.0 = QA|Any CPU
		{890CF446-3E24-49B2-A273-A0696F55133D}.QA|x64.ActiveCfg = QA|Any CPU
		{890CF446-3E24-49B2-A273-A0696F55133D}.QA|x64.Build.0 = QA|Any CPU
		{890CF446-3E24-49B2-A273-A0696F55133D}.QA|x86.ActiveCfg = QA|Any CPU
		{890CF446-3E24-49B2-A273-A0696F55133D}.QA|x86.Build.0 = QA|Any CPU
		{890CF446-3E24-49B2-A273-A0696F55133D}.Release|Any CPU.ActiveCfg = Release|Any CPU
		{890CF446-3E24-49B2-A273-A0696F55133D}.Release|Any CPU.Build.0 = Release|Any CPU
		{890CF446-3E24-49B2-A273-A0696F55133D}.Release|ARM.ActiveCfg = Release|Any CPU
		{890CF446-3E24-49B2-A273-A0696F55133D}.Release|x64.ActiveCfg = Release|Any CPU
		{890CF446-3E24-49B2-A273-A0696F55133D}.Release|x86.ActiveCfg = Release|Any CPU
		{4437CBF6-272C-41C8-B7DD-E84521498DDF}.Debug|Any CPU.ActiveCfg = Debug|Any CPU
		{4437CBF6-272C-41C8-B7DD-E84521498DDF}.Debug|Any CPU.Build.0 = Debug|Any CPU
		{4437CBF6-272C-41C8-B7DD-E84521498DDF}.Debug|ARM.ActiveCfg = Debug|Any CPU
		{4437CBF6-272C-41C8-B7DD-E84521498DDF}.Debug|x64.ActiveCfg = Debug|Any CPU
		{4437CBF6-272C-41C8-B7DD-E84521498DDF}.Debug|x86.ActiveCfg = Debug|Any CPU
		{4437CBF6-272C-41C8-B7DD-E84521498DDF}.QA|Any CPU.ActiveCfg = QA|Any CPU
		{4437CBF6-272C-41C8-B7DD-E84521498DDF}.QA|Any CPU.Build.0 = QA|Any CPU
		{4437CBF6-272C-41C8-B7DD-E84521498DDF}.QA|ARM.ActiveCfg = QA|Any CPU
		{4437CBF6-272C-41C8-B7DD-E84521498DDF}.QA|ARM.Build.0 = QA|Any CPU
		{4437CBF6-272C-41C8-B7DD-E84521498DDF}.QA|x64.ActiveCfg = QA|Any CPU
		{4437CBF6-272C-41C8-B7DD-E84521498DDF}.QA|x64.Build.0 = QA|Any CPU
		{4437CBF6-272C-41C8-B7DD-E84521498DDF}.QA|x86.ActiveCfg = QA|Any CPU
		{4437CBF6-272C-41C8-B7DD-E84521498DDF}.QA|x86.Build.0 = QA|Any CPU
		{4437CBF6-272C-41C8-B7DD-E84521498DDF}.Release|Any CPU.ActiveCfg = Release|Any CPU
		{4437CBF6-272C-41C8-B7DD-E84521498DDF}.Release|Any CPU.Build.0 = Release|Any CPU
		{4437CBF6-272C-41C8-B7DD-E84521498DDF}.Release|ARM.ActiveCfg = Release|Any CPU
		{4437CBF6-272C-41C8-B7DD-E84521498DDF}.Release|x64.ActiveCfg = Release|Any CPU
		{4437CBF6-272C-41C8-B7DD-E84521498DDF}.Release|x86.ActiveCfg = Release|Any CPU
		{E7378369-7D0B-4724-AEEF-9586CB54FDE5}.Debug|Any CPU.ActiveCfg = Debug|Any CPU
		{E7378369-7D0B-4724-AEEF-9586CB54FDE5}.Debug|Any CPU.Build.0 = Debug|Any CPU
		{E7378369-7D0B-4724-AEEF-9586CB54FDE5}.Debug|ARM.ActiveCfg = Debug|Any CPU
		{E7378369-7D0B-4724-AEEF-9586CB54FDE5}.Debug|x64.ActiveCfg = Debug|Any CPU
		{E7378369-7D0B-4724-AEEF-9586CB54FDE5}.Debug|x86.ActiveCfg = Debug|Any CPU
		{E7378369-7D0B-4724-AEEF-9586CB54FDE5}.QA|Any CPU.ActiveCfg = QA|Any CPU
		{E7378369-7D0B-4724-AEEF-9586CB54FDE5}.QA|Any CPU.Build.0 = QA|Any CPU
		{E7378369-7D0B-4724-AEEF-9586CB54FDE5}.QA|ARM.ActiveCfg = QA|Any CPU
		{E7378369-7D0B-4724-AEEF-9586CB54FDE5}.QA|ARM.Build.0 = QA|Any CPU
		{E7378369-7D0B-4724-AEEF-9586CB54FDE5}.QA|x64.ActiveCfg = QA|Any CPU
		{E7378369-7D0B-4724-AEEF-9586CB54FDE5}.QA|x64.Build.0 = QA|Any CPU
		{E7378369-7D0B-4724-AEEF-9586CB54FDE5}.QA|x86.ActiveCfg = QA|Any CPU
		{E7378369-7D0B-4724-AEEF-9586CB54FDE5}.QA|x86.Build.0 = QA|Any CPU
		{E7378369-7D0B-4724-AEEF-9586CB54FDE5}.Release|Any CPU.ActiveCfg = Release|Any CPU
		{E7378369-7D0B-4724-AEEF-9586CB54FDE5}.Release|Any CPU.Build.0 = Release|Any CPU
		{E7378369-7D0B-4724-AEEF-9586CB54FDE5}.Release|ARM.ActiveCfg = Release|Any CPU
		{E7378369-7D0B-4724-AEEF-9586CB54FDE5}.Release|x64.ActiveCfg = Release|Any CPU
		{E7378369-7D0B-4724-AEEF-9586CB54FDE5}.Release|x86.ActiveCfg = Release|Any CPU
		{5A6489D0-CA99-4C3F-B47A-4AA371214946}.Debug|Any CPU.ActiveCfg = Debug|Any CPU
		{5A6489D0-CA99-4C3F-B47A-4AA371214946}.Debug|Any CPU.Build.0 = Debug|Any CPU
		{5A6489D0-CA99-4C3F-B47A-4AA371214946}.Debug|ARM.ActiveCfg = Debug|Any CPU
		{5A6489D0-CA99-4C3F-B47A-4AA371214946}.Debug|x64.ActiveCfg = Debug|Any CPU
		{5A6489D0-CA99-4C3F-B47A-4AA371214946}.Debug|x86.ActiveCfg = Debug|Any CPU
		{5A6489D0-CA99-4C3F-B47A-4AA371214946}.QA|Any CPU.ActiveCfg = QA|Any CPU
		{5A6489D0-CA99-4C3F-B47A-4AA371214946}.QA|Any CPU.Build.0 = QA|Any CPU
		{5A6489D0-CA99-4C3F-B47A-4AA371214946}.QA|ARM.ActiveCfg = QA|Any CPU
		{5A6489D0-CA99-4C3F-B47A-4AA371214946}.QA|ARM.Build.0 = QA|Any CPU
		{5A6489D0-CA99-4C3F-B47A-4AA371214946}.QA|x64.ActiveCfg = QA|Any CPU
		{5A6489D0-CA99-4C3F-B47A-4AA371214946}.QA|x64.Build.0 = QA|Any CPU
		{5A6489D0-CA99-4C3F-B47A-4AA371214946}.QA|x86.ActiveCfg = QA|Any CPU
		{5A6489D0-CA99-4C3F-B47A-4AA371214946}.QA|x86.Build.0 = QA|Any CPU
		{5A6489D0-CA99-4C3F-B47A-4AA371214946}.Release|Any CPU.ActiveCfg = Release|Any CPU
		{5A6489D0-CA99-4C3F-B47A-4AA371214946}.Release|Any CPU.Build.0 = Release|Any CPU
		{5A6489D0-CA99-4C3F-B47A-4AA371214946}.Release|ARM.ActiveCfg = Release|Any CPU
		{5A6489D0-CA99-4C3F-B47A-4AA371214946}.Release|x64.ActiveCfg = Release|Any CPU
		{5A6489D0-CA99-4C3F-B47A-4AA371214946}.Release|x86.ActiveCfg = Release|Any CPU
		{FF8B0E71-6CB0-4177-9E69-9FCCD9C10D41}.Debug|Any CPU.ActiveCfg = Debug|Any CPU
		{FF8B0E71-6CB0-4177-9E69-9FCCD9C10D41}.Debug|Any CPU.Build.0 = Debug|Any CPU
		{FF8B0E71-6CB0-4177-9E69-9FCCD9C10D41}.Debug|ARM.ActiveCfg = Debug|Any CPU
		{FF8B0E71-6CB0-4177-9E69-9FCCD9C10D41}.Debug|x64.ActiveCfg = Debug|Any CPU
		{FF8B0E71-6CB0-4177-9E69-9FCCD9C10D41}.Debug|x86.ActiveCfg = Debug|Any CPU
		{FF8B0E71-6CB0-4177-9E69-9FCCD9C10D41}.QA|Any CPU.ActiveCfg = QA|Any CPU
		{FF8B0E71-6CB0-4177-9E69-9FCCD9C10D41}.QA|Any CPU.Build.0 = QA|Any CPU
		{FF8B0E71-6CB0-4177-9E69-9FCCD9C10D41}.QA|ARM.ActiveCfg = QA|Any CPU
		{FF8B0E71-6CB0-4177-9E69-9FCCD9C10D41}.QA|ARM.Build.0 = QA|Any CPU
		{FF8B0E71-6CB0-4177-9E69-9FCCD9C10D41}.QA|x64.ActiveCfg = QA|Any CPU
		{FF8B0E71-6CB0-4177-9E69-9FCCD9C10D41}.QA|x64.Build.0 = QA|Any CPU
		{FF8B0E71-6CB0-4177-9E69-9FCCD9C10D41}.QA|x86.ActiveCfg = QA|Any CPU
		{FF8B0E71-6CB0-4177-9E69-9FCCD9C10D41}.QA|x86.Build.0 = QA|Any CPU
		{FF8B0E71-6CB0-4177-9E69-9FCCD9C10D41}.Release|Any CPU.ActiveCfg = Release|Any CPU
		{FF8B0E71-6CB0-4177-9E69-9FCCD9C10D41}.Release|Any CPU.Build.0 = Release|Any CPU
		{FF8B0E71-6CB0-4177-9E69-9FCCD9C10D41}.Release|ARM.ActiveCfg = Release|Any CPU
		{FF8B0E71-6CB0-4177-9E69-9FCCD9C10D41}.Release|x64.ActiveCfg = Release|Any CPU
		{FF8B0E71-6CB0-4177-9E69-9FCCD9C10D41}.Release|x86.ActiveCfg = Release|Any CPU
		{F57F0BFF-FA0A-467F-859E-281558EB53A5}.Debug|Any CPU.ActiveCfg = Debug|Any CPU
		{F57F0BFF-FA0A-467F-859E-281558EB53A5}.Debug|Any CPU.Build.0 = Debug|Any CPU
		{F57F0BFF-FA0A-467F-859E-281558EB53A5}.Debug|ARM.ActiveCfg = Debug|Any CPU
		{F57F0BFF-FA0A-467F-859E-281558EB53A5}.Debug|ARM.Build.0 = Debug|Any CPU
		{F57F0BFF-FA0A-467F-859E-281558EB53A5}.Debug|x64.ActiveCfg = Debug|Any CPU
		{F57F0BFF-FA0A-467F-859E-281558EB53A5}.Debug|x64.Build.0 = Debug|Any CPU
		{F57F0BFF-FA0A-467F-859E-281558EB53A5}.Debug|x86.ActiveCfg = Debug|Any CPU
		{F57F0BFF-FA0A-467F-859E-281558EB53A5}.Debug|x86.Build.0 = Debug|Any CPU
		{F57F0BFF-FA0A-467F-859E-281558EB53A5}.QA|Any CPU.ActiveCfg = QA|Any CPU
		{F57F0BFF-FA0A-467F-859E-281558EB53A5}.QA|Any CPU.Build.0 = QA|Any CPU
		{F57F0BFF-FA0A-467F-859E-281558EB53A5}.QA|ARM.ActiveCfg = QA|Any CPU
		{F57F0BFF-FA0A-467F-859E-281558EB53A5}.QA|ARM.Build.0 = QA|Any CPU
		{F57F0BFF-FA0A-467F-859E-281558EB53A5}.QA|x64.ActiveCfg = QA|Any CPU
		{F57F0BFF-FA0A-467F-859E-281558EB53A5}.QA|x64.Build.0 = QA|Any CPU
		{F57F0BFF-FA0A-467F-859E-281558EB53A5}.QA|x86.ActiveCfg = QA|Any CPU
		{F57F0BFF-FA0A-467F-859E-281558EB53A5}.QA|x86.Build.0 = QA|Any CPU
		{F57F0BFF-FA0A-467F-859E-281558EB53A5}.Release|Any CPU.ActiveCfg = Release|Any CPU
		{F57F0BFF-FA0A-467F-859E-281558EB53A5}.Release|Any CPU.Build.0 = Release|Any CPU
		{F57F0BFF-FA0A-467F-859E-281558EB53A5}.Release|ARM.ActiveCfg = Release|Any CPU
		{F57F0BFF-FA0A-467F-859E-281558EB53A5}.Release|ARM.Build.0 = Release|Any CPU
		{F57F0BFF-FA0A-467F-859E-281558EB53A5}.Release|x64.ActiveCfg = Release|Any CPU
		{F57F0BFF-FA0A-467F-859E-281558EB53A5}.Release|x64.Build.0 = Release|Any CPU
		{F57F0BFF-FA0A-467F-859E-281558EB53A5}.Release|x86.ActiveCfg = Release|Any CPU
		{F57F0BFF-FA0A-467F-859E-281558EB53A5}.Release|x86.Build.0 = Release|Any CPU
		{12EBE87C-D355-40EA-B7F9-87B8460B74CB}.Debug|Any CPU.ActiveCfg = Debug|Any CPU
		{12EBE87C-D355-40EA-B7F9-87B8460B74CB}.Debug|Any CPU.Build.0 = Debug|Any CPU
		{12EBE87C-D355-40EA-B7F9-87B8460B74CB}.Debug|ARM.ActiveCfg = Debug|Any CPU
		{12EBE87C-D355-40EA-B7F9-87B8460B74CB}.Debug|x64.ActiveCfg = Debug|Any CPU
		{12EBE87C-D355-40EA-B7F9-87B8460B74CB}.Debug|x86.ActiveCfg = Debug|Any CPU
		{12EBE87C-D355-40EA-B7F9-87B8460B74CB}.QA|Any CPU.ActiveCfg = QA|Any CPU
		{12EBE87C-D355-40EA-B7F9-87B8460B74CB}.QA|Any CPU.Build.0 = QA|Any CPU
		{12EBE87C-D355-40EA-B7F9-87B8460B74CB}.QA|ARM.ActiveCfg = QA|Any CPU
		{12EBE87C-D355-40EA-B7F9-87B8460B74CB}.QA|ARM.Build.0 = QA|Any CPU
		{12EBE87C-D355-40EA-B7F9-87B8460B74CB}.QA|x64.ActiveCfg = QA|Any CPU
		{12EBE87C-D355-40EA-B7F9-87B8460B74CB}.QA|x64.Build.0 = QA|Any CPU
		{12EBE87C-D355-40EA-B7F9-87B8460B74CB}.QA|x86.ActiveCfg = QA|Any CPU
		{12EBE87C-D355-40EA-B7F9-87B8460B74CB}.QA|x86.Build.0 = QA|Any CPU
		{12EBE87C-D355-40EA-B7F9-87B8460B74CB}.Release|Any CPU.ActiveCfg = Release|Any CPU
		{12EBE87C-D355-40EA-B7F9-87B8460B74CB}.Release|Any CPU.Build.0 = Release|Any CPU
		{12EBE87C-D355-40EA-B7F9-87B8460B74CB}.Release|ARM.ActiveCfg = Release|Any CPU
		{12EBE87C-D355-40EA-B7F9-87B8460B74CB}.Release|x64.ActiveCfg = Release|Any CPU
		{12EBE87C-D355-40EA-B7F9-87B8460B74CB}.Release|x86.ActiveCfg = Release|Any CPU
		{5DA8B439-142A-4409-AEA6-52B3ACECB6E5}.Debug|Any CPU.ActiveCfg = Debug|Any CPU
		{5DA8B439-142A-4409-AEA6-52B3ACECB6E5}.Debug|Any CPU.Build.0 = Debug|Any CPU
		{5DA8B439-142A-4409-AEA6-52B3ACECB6E5}.Debug|ARM.ActiveCfg = Debug|Any CPU
		{5DA8B439-142A-4409-AEA6-52B3ACECB6E5}.Debug|x64.ActiveCfg = Debug|Any CPU
		{5DA8B439-142A-4409-AEA6-52B3ACECB6E5}.Debug|x86.ActiveCfg = Debug|Any CPU
		{5DA8B439-142A-4409-AEA6-52B3ACECB6E5}.QA|Any CPU.ActiveCfg = QA|Any CPU
		{5DA8B439-142A-4409-AEA6-52B3ACECB6E5}.QA|Any CPU.Build.0 = QA|Any CPU
		{5DA8B439-142A-4409-AEA6-52B3ACECB6E5}.QA|ARM.ActiveCfg = QA|Any CPU
		{5DA8B439-142A-4409-AEA6-52B3ACECB6E5}.QA|ARM.Build.0 = QA|Any CPU
		{5DA8B439-142A-4409-AEA6-52B3ACECB6E5}.QA|x64.ActiveCfg = QA|Any CPU
		{5DA8B439-142A-4409-AEA6-52B3ACECB6E5}.QA|x64.Build.0 = QA|Any CPU
		{5DA8B439-142A-4409-AEA6-52B3ACECB6E5}.QA|x86.ActiveCfg = QA|Any CPU
		{5DA8B439-142A-4409-AEA6-52B3ACECB6E5}.QA|x86.Build.0 = QA|Any CPU
		{5DA8B439-142A-4409-AEA6-52B3ACECB6E5}.Release|Any CPU.ActiveCfg = Release|Any CPU
		{5DA8B439-142A-4409-AEA6-52B3ACECB6E5}.Release|Any CPU.Build.0 = Release|Any CPU
		{5DA8B439-142A-4409-AEA6-52B3ACECB6E5}.Release|ARM.ActiveCfg = Release|Any CPU
		{5DA8B439-142A-4409-AEA6-52B3ACECB6E5}.Release|x64.ActiveCfg = Release|Any CPU
		{5DA8B439-142A-4409-AEA6-52B3ACECB6E5}.Release|x86.ActiveCfg = Release|Any CPU
		{44911B69-EC90-4ED2-A777-3B9D7CADA79B}.Debug|Any CPU.ActiveCfg = Debug|Any CPU
		{44911B69-EC90-4ED2-A777-3B9D7CADA79B}.Debug|Any CPU.Build.0 = Debug|Any CPU
		{44911B69-EC90-4ED2-A777-3B9D7CADA79B}.Debug|ARM.ActiveCfg = Debug|Any CPU
		{44911B69-EC90-4ED2-A777-3B9D7CADA79B}.Debug|x64.ActiveCfg = Debug|Any CPU
		{44911B69-EC90-4ED2-A777-3B9D7CADA79B}.Debug|x86.ActiveCfg = Debug|Any CPU
		{44911B69-EC90-4ED2-A777-3B9D7CADA79B}.QA|Any CPU.ActiveCfg = QA|Any CPU
		{44911B69-EC90-4ED2-A777-3B9D7CADA79B}.QA|Any CPU.Build.0 = QA|Any CPU
		{44911B69-EC90-4ED2-A777-3B9D7CADA79B}.QA|ARM.ActiveCfg = QA|Any CPU
		{44911B69-EC90-4ED2-A777-3B9D7CADA79B}.QA|ARM.Build.0 = QA|Any CPU
		{44911B69-EC90-4ED2-A777-3B9D7CADA79B}.QA|x64.ActiveCfg = QA|Any CPU
		{44911B69-EC90-4ED2-A777-3B9D7CADA79B}.QA|x64.Build.0 = QA|Any CPU
		{44911B69-EC90-4ED2-A777-3B9D7CADA79B}.QA|x86.ActiveCfg = QA|Any CPU
		{44911B69-EC90-4ED2-A777-3B9D7CADA79B}.QA|x86.Build.0 = QA|Any CPU
		{44911B69-EC90-4ED2-A777-3B9D7CADA79B}.Release|Any CPU.ActiveCfg = Release|Any CPU
		{44911B69-EC90-4ED2-A777-3B9D7CADA79B}.Release|Any CPU.Build.0 = Release|Any CPU
		{44911B69-EC90-4ED2-A777-3B9D7CADA79B}.Release|ARM.ActiveCfg = Release|Any CPU
		{44911B69-EC90-4ED2-A777-3B9D7CADA79B}.Release|x64.ActiveCfg = Release|Any CPU
		{44911B69-EC90-4ED2-A777-3B9D7CADA79B}.Release|x86.ActiveCfg = Release|Any CPU
		{E1810152-6118-4B33-B5CB-4A2618C0EDF9}.Debug|Any CPU.ActiveCfg = Debug|Any CPU
		{E1810152-6118-4B33-B5CB-4A2618C0EDF9}.Debug|Any CPU.Build.0 = Debug|Any CPU
		{E1810152-6118-4B33-B5CB-4A2618C0EDF9}.Debug|ARM.ActiveCfg = Debug|Any CPU
		{E1810152-6118-4B33-B5CB-4A2618C0EDF9}.Debug|x64.ActiveCfg = Debug|Any CPU
		{E1810152-6118-4B33-B5CB-4A2618C0EDF9}.Debug|x86.ActiveCfg = Debug|Any CPU
		{E1810152-6118-4B33-B5CB-4A2618C0EDF9}.QA|Any CPU.ActiveCfg = QA|Any CPU
		{E1810152-6118-4B33-B5CB-4A2618C0EDF9}.QA|Any CPU.Build.0 = QA|Any CPU
		{E1810152-6118-4B33-B5CB-4A2618C0EDF9}.QA|ARM.ActiveCfg = QA|Any CPU
		{E1810152-6118-4B33-B5CB-4A2618C0EDF9}.QA|ARM.Build.0 = QA|Any CPU
		{E1810152-6118-4B33-B5CB-4A2618C0EDF9}.QA|x64.ActiveCfg = QA|Any CPU
		{E1810152-6118-4B33-B5CB-4A2618C0EDF9}.QA|x64.Build.0 = QA|Any CPU
		{E1810152-6118-4B33-B5CB-4A2618C0EDF9}.QA|x86.ActiveCfg = QA|Any CPU
		{E1810152-6118-4B33-B5CB-4A2618C0EDF9}.QA|x86.Build.0 = QA|Any CPU
		{E1810152-6118-4B33-B5CB-4A2618C0EDF9}.Release|Any CPU.ActiveCfg = Release|Any CPU
		{E1810152-6118-4B33-B5CB-4A2618C0EDF9}.Release|Any CPU.Build.0 = Release|Any CPU
		{E1810152-6118-4B33-B5CB-4A2618C0EDF9}.Release|ARM.ActiveCfg = Release|Any CPU
		{E1810152-6118-4B33-B5CB-4A2618C0EDF9}.Release|x64.ActiveCfg = Release|Any CPU
		{E1810152-6118-4B33-B5CB-4A2618C0EDF9}.Release|x86.ActiveCfg = Release|Any CPU
		{CB32596C-E128-4121-A41E-00A4AAD9EE42}.Debug|Any CPU.ActiveCfg = Debug|Any CPU
		{CB32596C-E128-4121-A41E-00A4AAD9EE42}.Debug|Any CPU.Build.0 = Debug|Any CPU
		{CB32596C-E128-4121-A41E-00A4AAD9EE42}.Debug|ARM.ActiveCfg = Debug|Any CPU
		{CB32596C-E128-4121-A41E-00A4AAD9EE42}.Debug|x64.ActiveCfg = Debug|Any CPU
		{CB32596C-E128-4121-A41E-00A4AAD9EE42}.Debug|x86.ActiveCfg = Debug|Any CPU
		{CB32596C-E128-4121-A41E-00A4AAD9EE42}.QA|Any CPU.ActiveCfg = QA|Any CPU
		{CB32596C-E128-4121-A41E-00A4AAD9EE42}.QA|Any CPU.Build.0 = QA|Any CPU
		{CB32596C-E128-4121-A41E-00A4AAD9EE42}.QA|ARM.ActiveCfg = QA|Any CPU
		{CB32596C-E128-4121-A41E-00A4AAD9EE42}.QA|ARM.Build.0 = QA|Any CPU
		{CB32596C-E128-4121-A41E-00A4AAD9EE42}.QA|x64.ActiveCfg = QA|Any CPU
		{CB32596C-E128-4121-A41E-00A4AAD9EE42}.QA|x64.Build.0 = QA|Any CPU
		{CB32596C-E128-4121-A41E-00A4AAD9EE42}.QA|x86.ActiveCfg = QA|Any CPU
		{CB32596C-E128-4121-A41E-00A4AAD9EE42}.QA|x86.Build.0 = QA|Any CPU
		{CB32596C-E128-4121-A41E-00A4AAD9EE42}.Release|Any CPU.ActiveCfg = Release|Any CPU
		{CB32596C-E128-4121-A41E-00A4AAD9EE42}.Release|Any CPU.Build.0 = Release|Any CPU
		{CB32596C-E128-4121-A41E-00A4AAD9EE42}.Release|ARM.ActiveCfg = Release|Any CPU
		{CB32596C-E128-4121-A41E-00A4AAD9EE42}.Release|x64.ActiveCfg = Release|Any CPU
		{CB32596C-E128-4121-A41E-00A4AAD9EE42}.Release|x86.ActiveCfg = Release|Any CPU
		{6D75AEB3-9C2D-4224-9C67-7DBC6B314F06}.Debug|Any CPU.ActiveCfg = Debug|Any CPU
		{6D75AEB3-9C2D-4224-9C67-7DBC6B314F06}.Debug|Any CPU.Build.0 = Debug|Any CPU
		{6D75AEB3-9C2D-4224-9C67-7DBC6B314F06}.Debug|ARM.ActiveCfg = Debug|Any CPU
		{6D75AEB3-9C2D-4224-9C67-7DBC6B314F06}.Debug|x64.ActiveCfg = Debug|Any CPU
		{6D75AEB3-9C2D-4224-9C67-7DBC6B314F06}.Debug|x86.ActiveCfg = Debug|Any CPU
		{6D75AEB3-9C2D-4224-9C67-7DBC6B314F06}.QA|Any CPU.ActiveCfg = QA|Any CPU
		{6D75AEB3-9C2D-4224-9C67-7DBC6B314F06}.QA|Any CPU.Build.0 = QA|Any CPU
		{6D75AEB3-9C2D-4224-9C67-7DBC6B314F06}.QA|ARM.ActiveCfg = QA|Any CPU
		{6D75AEB3-9C2D-4224-9C67-7DBC6B314F06}.QA|ARM.Build.0 = QA|Any CPU
		{6D75AEB3-9C2D-4224-9C67-7DBC6B314F06}.QA|x64.ActiveCfg = QA|Any CPU
		{6D75AEB3-9C2D-4224-9C67-7DBC6B314F06}.QA|x64.Build.0 = QA|Any CPU
		{6D75AEB3-9C2D-4224-9C67-7DBC6B314F06}.QA|x86.ActiveCfg = QA|Any CPU
		{6D75AEB3-9C2D-4224-9C67-7DBC6B314F06}.QA|x86.Build.0 = QA|Any CPU
		{6D75AEB3-9C2D-4224-9C67-7DBC6B314F06}.Release|Any CPU.ActiveCfg = Release|Any CPU
		{6D75AEB3-9C2D-4224-9C67-7DBC6B314F06}.Release|Any CPU.Build.0 = Release|Any CPU
		{6D75AEB3-9C2D-4224-9C67-7DBC6B314F06}.Release|ARM.ActiveCfg = Release|Any CPU
		{6D75AEB3-9C2D-4224-9C67-7DBC6B314F06}.Release|x64.ActiveCfg = Release|Any CPU
		{6D75AEB3-9C2D-4224-9C67-7DBC6B314F06}.Release|x86.ActiveCfg = Release|Any CPU
		{4236345C-0E93-443C-A4BA-8D8DF9C76740}.Debug|Any CPU.ActiveCfg = Debug|Any CPU
		{4236345C-0E93-443C-A4BA-8D8DF9C76740}.Debug|Any CPU.Build.0 = Debug|Any CPU
		{4236345C-0E93-443C-A4BA-8D8DF9C76740}.Debug|ARM.ActiveCfg = Debug|Any CPU
		{4236345C-0E93-443C-A4BA-8D8DF9C76740}.Debug|x64.ActiveCfg = Debug|Any CPU
		{4236345C-0E93-443C-A4BA-8D8DF9C76740}.Debug|x86.ActiveCfg = Debug|Any CPU
		{4236345C-0E93-443C-A4BA-8D8DF9C76740}.QA|Any CPU.ActiveCfg = QA|Any CPU
		{4236345C-0E93-443C-A4BA-8D8DF9C76740}.QA|Any CPU.Build.0 = QA|Any CPU
		{4236345C-0E93-443C-A4BA-8D8DF9C76740}.QA|ARM.ActiveCfg = QA|Any CPU
		{4236345C-0E93-443C-A4BA-8D8DF9C76740}.QA|ARM.Build.0 = QA|Any CPU
		{4236345C-0E93-443C-A4BA-8D8DF9C76740}.QA|x64.ActiveCfg = QA|Any CPU
		{4236345C-0E93-443C-A4BA-8D8DF9C76740}.QA|x64.Build.0 = QA|Any CPU
		{4236345C-0E93-443C-A4BA-8D8DF9C76740}.QA|x86.ActiveCfg = QA|Any CPU
		{4236345C-0E93-443C-A4BA-8D8DF9C76740}.QA|x86.Build.0 = QA|Any CPU
		{4236345C-0E93-443C-A4BA-8D8DF9C76740}.Release|Any CPU.ActiveCfg = Release|Any CPU
		{4236345C-0E93-443C-A4BA-8D8DF9C76740}.Release|Any CPU.Build.0 = Release|Any CPU
		{4236345C-0E93-443C-A4BA-8D8DF9C76740}.Release|ARM.ActiveCfg = Release|Any CPU
		{4236345C-0E93-443C-A4BA-8D8DF9C76740}.Release|x64.ActiveCfg = Release|Any CPU
		{4236345C-0E93-443C-A4BA-8D8DF9C76740}.Release|x86.ActiveCfg = Release|Any CPU
		{39D94CA9-75C0-4A6F-B5D9-25737C447269}.Debug|Any CPU.ActiveCfg = Debug|Any CPU
		{39D94CA9-75C0-4A6F-B5D9-25737C447269}.Debug|Any CPU.Build.0 = Debug|Any CPU
		{39D94CA9-75C0-4A6F-B5D9-25737C447269}.Debug|ARM.ActiveCfg = Debug|Any CPU
		{39D94CA9-75C0-4A6F-B5D9-25737C447269}.Debug|ARM.Build.0 = Debug|Any CPU
		{39D94CA9-75C0-4A6F-B5D9-25737C447269}.Debug|x64.ActiveCfg = Debug|Any CPU
		{39D94CA9-75C0-4A6F-B5D9-25737C447269}.Debug|x64.Build.0 = Debug|Any CPU
		{39D94CA9-75C0-4A6F-B5D9-25737C447269}.Debug|x86.ActiveCfg = Debug|Any CPU
		{39D94CA9-75C0-4A6F-B5D9-25737C447269}.Debug|x86.Build.0 = Debug|Any CPU
		{39D94CA9-75C0-4A6F-B5D9-25737C447269}.QA|Any CPU.ActiveCfg = QA|Any CPU
		{39D94CA9-75C0-4A6F-B5D9-25737C447269}.QA|Any CPU.Build.0 = QA|Any CPU
		{39D94CA9-75C0-4A6F-B5D9-25737C447269}.QA|ARM.ActiveCfg = QA|Any CPU
		{39D94CA9-75C0-4A6F-B5D9-25737C447269}.QA|ARM.Build.0 = QA|Any CPU
		{39D94CA9-75C0-4A6F-B5D9-25737C447269}.QA|x64.ActiveCfg = QA|Any CPU
		{39D94CA9-75C0-4A6F-B5D9-25737C447269}.QA|x64.Build.0 = QA|Any CPU
		{39D94CA9-75C0-4A6F-B5D9-25737C447269}.QA|x86.ActiveCfg = QA|Any CPU
		{39D94CA9-75C0-4A6F-B5D9-25737C447269}.QA|x86.Build.0 = QA|Any CPU
		{39D94CA9-75C0-4A6F-B5D9-25737C447269}.Release|Any CPU.ActiveCfg = Release|Any CPU
		{39D94CA9-75C0-4A6F-B5D9-25737C447269}.Release|Any CPU.Build.0 = Release|Any CPU
		{39D94CA9-75C0-4A6F-B5D9-25737C447269}.Release|ARM.ActiveCfg = Release|Any CPU
		{39D94CA9-75C0-4A6F-B5D9-25737C447269}.Release|ARM.Build.0 = Release|Any CPU
		{39D94CA9-75C0-4A6F-B5D9-25737C447269}.Release|x64.ActiveCfg = Release|Any CPU
		{39D94CA9-75C0-4A6F-B5D9-25737C447269}.Release|x64.Build.0 = Release|Any CPU
		{39D94CA9-75C0-4A6F-B5D9-25737C447269}.Release|x86.ActiveCfg = Release|Any CPU
		{39D94CA9-75C0-4A6F-B5D9-25737C447269}.Release|x86.Build.0 = Release|Any CPU
		{B3693104-5B40-48D0-ABB8-CA6453B4D2CA}.Debug|Any CPU.ActiveCfg = Debug|Any CPU
		{B3693104-5B40-48D0-ABB8-CA6453B4D2CA}.Debug|Any CPU.Build.0 = Debug|Any CPU
		{B3693104-5B40-48D0-ABB8-CA6453B4D2CA}.Debug|ARM.ActiveCfg = Debug|Any CPU
		{B3693104-5B40-48D0-ABB8-CA6453B4D2CA}.Debug|ARM.Build.0 = Debug|Any CPU
		{B3693104-5B40-48D0-ABB8-CA6453B4D2CA}.Debug|x64.ActiveCfg = Debug|Any CPU
		{B3693104-5B40-48D0-ABB8-CA6453B4D2CA}.Debug|x64.Build.0 = Debug|Any CPU
		{B3693104-5B40-48D0-ABB8-CA6453B4D2CA}.Debug|x86.ActiveCfg = Debug|Any CPU
		{B3693104-5B40-48D0-ABB8-CA6453B4D2CA}.Debug|x86.Build.0 = Debug|Any CPU
		{B3693104-5B40-48D0-ABB8-CA6453B4D2CA}.QA|Any CPU.ActiveCfg = QA|Any CPU
		{B3693104-5B40-48D0-ABB8-CA6453B4D2CA}.QA|Any CPU.Build.0 = QA|Any CPU
		{B3693104-5B40-48D0-ABB8-CA6453B4D2CA}.QA|ARM.ActiveCfg = QA|Any CPU
		{B3693104-5B40-48D0-ABB8-CA6453B4D2CA}.QA|ARM.Build.0 = QA|Any CPU
		{B3693104-5B40-48D0-ABB8-CA6453B4D2CA}.QA|x64.ActiveCfg = QA|Any CPU
		{B3693104-5B40-48D0-ABB8-CA6453B4D2CA}.QA|x64.Build.0 = QA|Any CPU
		{B3693104-5B40-48D0-ABB8-CA6453B4D2CA}.QA|x86.ActiveCfg = QA|Any CPU
		{B3693104-5B40-48D0-ABB8-CA6453B4D2CA}.QA|x86.Build.0 = QA|Any CPU
		{B3693104-5B40-48D0-ABB8-CA6453B4D2CA}.Release|Any CPU.ActiveCfg = Release|Any CPU
		{B3693104-5B40-48D0-ABB8-CA6453B4D2CA}.Release|Any CPU.Build.0 = Release|Any CPU
		{B3693104-5B40-48D0-ABB8-CA6453B4D2CA}.Release|ARM.ActiveCfg = Release|Any CPU
		{B3693104-5B40-48D0-ABB8-CA6453B4D2CA}.Release|ARM.Build.0 = Release|Any CPU
		{B3693104-5B40-48D0-ABB8-CA6453B4D2CA}.Release|x64.ActiveCfg = Release|Any CPU
		{B3693104-5B40-48D0-ABB8-CA6453B4D2CA}.Release|x64.Build.0 = Release|Any CPU
		{B3693104-5B40-48D0-ABB8-CA6453B4D2CA}.Release|x86.ActiveCfg = Release|Any CPU
		{B3693104-5B40-48D0-ABB8-CA6453B4D2CA}.Release|x86.Build.0 = Release|Any CPU
		{6C555240-E53D-42CD-BB59-7D29A9B31EDE}.Debug|Any CPU.ActiveCfg = Debug|Any CPU
		{6C555240-E53D-42CD-BB59-7D29A9B31EDE}.Debug|Any CPU.Build.0 = Debug|Any CPU
		{6C555240-E53D-42CD-BB59-7D29A9B31EDE}.Debug|ARM.ActiveCfg = Debug|Any CPU
		{6C555240-E53D-42CD-BB59-7D29A9B31EDE}.Debug|ARM.Build.0 = Debug|Any CPU
		{6C555240-E53D-42CD-BB59-7D29A9B31EDE}.Debug|x64.ActiveCfg = Debug|Any CPU
		{6C555240-E53D-42CD-BB59-7D29A9B31EDE}.Debug|x64.Build.0 = Debug|Any CPU
		{6C555240-E53D-42CD-BB59-7D29A9B31EDE}.Debug|x86.ActiveCfg = Debug|Any CPU
		{6C555240-E53D-42CD-BB59-7D29A9B31EDE}.Debug|x86.Build.0 = Debug|Any CPU
		{6C555240-E53D-42CD-BB59-7D29A9B31EDE}.QA|Any CPU.ActiveCfg = QA|Any CPU
		{6C555240-E53D-42CD-BB59-7D29A9B31EDE}.QA|Any CPU.Build.0 = QA|Any CPU
		{6C555240-E53D-42CD-BB59-7D29A9B31EDE}.QA|ARM.ActiveCfg = QA|Any CPU
		{6C555240-E53D-42CD-BB59-7D29A9B31EDE}.QA|ARM.Build.0 = QA|Any CPU
		{6C555240-E53D-42CD-BB59-7D29A9B31EDE}.QA|x64.ActiveCfg = QA|Any CPU
		{6C555240-E53D-42CD-BB59-7D29A9B31EDE}.QA|x64.Build.0 = QA|Any CPU
		{6C555240-E53D-42CD-BB59-7D29A9B31EDE}.QA|x86.ActiveCfg = QA|Any CPU
		{6C555240-E53D-42CD-BB59-7D29A9B31EDE}.QA|x86.Build.0 = QA|Any CPU
		{6C555240-E53D-42CD-BB59-7D29A9B31EDE}.Release|Any CPU.ActiveCfg = Release|Any CPU
		{6C555240-E53D-42CD-BB59-7D29A9B31EDE}.Release|Any CPU.Build.0 = Release|Any CPU
		{6C555240-E53D-42CD-BB59-7D29A9B31EDE}.Release|ARM.ActiveCfg = Release|Any CPU
		{6C555240-E53D-42CD-BB59-7D29A9B31EDE}.Release|ARM.Build.0 = Release|Any CPU
		{6C555240-E53D-42CD-BB59-7D29A9B31EDE}.Release|x64.ActiveCfg = Release|Any CPU
		{6C555240-E53D-42CD-BB59-7D29A9B31EDE}.Release|x64.Build.0 = Release|Any CPU
		{6C555240-E53D-42CD-BB59-7D29A9B31EDE}.Release|x86.ActiveCfg = Release|Any CPU
		{6C555240-E53D-42CD-BB59-7D29A9B31EDE}.Release|x86.Build.0 = Release|Any CPU
		{6FDDE0A9-F481-4308-84F4-5DCE3CC1E6B0}.Debug|Any CPU.ActiveCfg = Debug|Any CPU
		{6FDDE0A9-F481-4308-84F4-5DCE3CC1E6B0}.Debug|Any CPU.Build.0 = Debug|Any CPU
		{6FDDE0A9-F481-4308-84F4-5DCE3CC1E6B0}.Debug|ARM.ActiveCfg = Debug|Any CPU
		{6FDDE0A9-F481-4308-84F4-5DCE3CC1E6B0}.Debug|ARM.Build.0 = Debug|Any CPU
		{6FDDE0A9-F481-4308-84F4-5DCE3CC1E6B0}.Debug|x64.ActiveCfg = Debug|Any CPU
		{6FDDE0A9-F481-4308-84F4-5DCE3CC1E6B0}.Debug|x64.Build.0 = Debug|Any CPU
		{6FDDE0A9-F481-4308-84F4-5DCE3CC1E6B0}.Debug|x86.ActiveCfg = Debug|Any CPU
		{6FDDE0A9-F481-4308-84F4-5DCE3CC1E6B0}.Debug|x86.Build.0 = Debug|Any CPU
		{6FDDE0A9-F481-4308-84F4-5DCE3CC1E6B0}.QA|Any CPU.ActiveCfg = QA|Any CPU
		{6FDDE0A9-F481-4308-84F4-5DCE3CC1E6B0}.QA|Any CPU.Build.0 = QA|Any CPU
		{6FDDE0A9-F481-4308-84F4-5DCE3CC1E6B0}.QA|ARM.ActiveCfg = QA|Any CPU
		{6FDDE0A9-F481-4308-84F4-5DCE3CC1E6B0}.QA|ARM.Build.0 = QA|Any CPU
		{6FDDE0A9-F481-4308-84F4-5DCE3CC1E6B0}.QA|x64.ActiveCfg = QA|Any CPU
		{6FDDE0A9-F481-4308-84F4-5DCE3CC1E6B0}.QA|x64.Build.0 = QA|Any CPU
		{6FDDE0A9-F481-4308-84F4-5DCE3CC1E6B0}.QA|x86.ActiveCfg = QA|Any CPU
		{6FDDE0A9-F481-4308-84F4-5DCE3CC1E6B0}.QA|x86.Build.0 = QA|Any CPU
		{6FDDE0A9-F481-4308-84F4-5DCE3CC1E6B0}.Release|Any CPU.ActiveCfg = Release|Any CPU
		{6FDDE0A9-F481-4308-84F4-5DCE3CC1E6B0}.Release|Any CPU.Build.0 = Release|Any CPU
		{6FDDE0A9-F481-4308-84F4-5DCE3CC1E6B0}.Release|ARM.ActiveCfg = Release|Any CPU
		{6FDDE0A9-F481-4308-84F4-5DCE3CC1E6B0}.Release|ARM.Build.0 = Release|Any CPU
		{6FDDE0A9-F481-4308-84F4-5DCE3CC1E6B0}.Release|x64.ActiveCfg = Release|Any CPU
		{6FDDE0A9-F481-4308-84F4-5DCE3CC1E6B0}.Release|x64.Build.0 = Release|Any CPU
		{6FDDE0A9-F481-4308-84F4-5DCE3CC1E6B0}.Release|x86.ActiveCfg = Release|Any CPU
		{6FDDE0A9-F481-4308-84F4-5DCE3CC1E6B0}.Release|x86.Build.0 = Release|Any CPU
		{1179F9C9-4912-485B-BB55-CD822E46C2DA}.Debug|Any CPU.ActiveCfg = Debug|Any CPU
		{1179F9C9-4912-485B-BB55-CD822E46C2DA}.Debug|Any CPU.Build.0 = Debug|Any CPU
		{1179F9C9-4912-485B-BB55-CD822E46C2DA}.Debug|ARM.ActiveCfg = Debug|Any CPU
		{1179F9C9-4912-485B-BB55-CD822E46C2DA}.Debug|ARM.Build.0 = Debug|Any CPU
		{1179F9C9-4912-485B-BB55-CD822E46C2DA}.Debug|x64.ActiveCfg = Debug|Any CPU
		{1179F9C9-4912-485B-BB55-CD822E46C2DA}.Debug|x64.Build.0 = Debug|Any CPU
		{1179F9C9-4912-485B-BB55-CD822E46C2DA}.Debug|x86.ActiveCfg = Debug|Any CPU
		{1179F9C9-4912-485B-BB55-CD822E46C2DA}.Debug|x86.Build.0 = Debug|Any CPU
		{1179F9C9-4912-485B-BB55-CD822E46C2DA}.QA|Any CPU.ActiveCfg = QA|Any CPU
		{1179F9C9-4912-485B-BB55-CD822E46C2DA}.QA|Any CPU.Build.0 = QA|Any CPU
		{1179F9C9-4912-485B-BB55-CD822E46C2DA}.QA|ARM.ActiveCfg = QA|Any CPU
		{1179F9C9-4912-485B-BB55-CD822E46C2DA}.QA|ARM.Build.0 = QA|Any CPU
		{1179F9C9-4912-485B-BB55-CD822E46C2DA}.QA|x64.ActiveCfg = QA|Any CPU
		{1179F9C9-4912-485B-BB55-CD822E46C2DA}.QA|x64.Build.0 = QA|Any CPU
		{1179F9C9-4912-485B-BB55-CD822E46C2DA}.QA|x86.ActiveCfg = QA|Any CPU
		{1179F9C9-4912-485B-BB55-CD822E46C2DA}.QA|x86.Build.0 = QA|Any CPU
		{1179F9C9-4912-485B-BB55-CD822E46C2DA}.Release|Any CPU.ActiveCfg = Release|Any CPU
		{1179F9C9-4912-485B-BB55-CD822E46C2DA}.Release|Any CPU.Build.0 = Release|Any CPU
		{1179F9C9-4912-485B-BB55-CD822E46C2DA}.Release|ARM.ActiveCfg = Release|Any CPU
		{1179F9C9-4912-485B-BB55-CD822E46C2DA}.Release|ARM.Build.0 = Release|Any CPU
		{1179F9C9-4912-485B-BB55-CD822E46C2DA}.Release|x64.ActiveCfg = Release|Any CPU
		{1179F9C9-4912-485B-BB55-CD822E46C2DA}.Release|x64.Build.0 = Release|Any CPU
		{1179F9C9-4912-485B-BB55-CD822E46C2DA}.Release|x86.ActiveCfg = Release|Any CPU
		{1179F9C9-4912-485B-BB55-CD822E46C2DA}.Release|x86.Build.0 = Release|Any CPU
		{945029DC-3D9D-4AF9-9893-42417AAC3D31}.Debug|Any CPU.ActiveCfg = Debug|Any CPU
		{945029DC-3D9D-4AF9-9893-42417AAC3D31}.Debug|Any CPU.Build.0 = Debug|Any CPU
		{945029DC-3D9D-4AF9-9893-42417AAC3D31}.Debug|ARM.ActiveCfg = Debug|Any CPU
		{945029DC-3D9D-4AF9-9893-42417AAC3D31}.Debug|ARM.Build.0 = Debug|Any CPU
		{945029DC-3D9D-4AF9-9893-42417AAC3D31}.Debug|x64.ActiveCfg = Debug|Any CPU
		{945029DC-3D9D-4AF9-9893-42417AAC3D31}.Debug|x64.Build.0 = Debug|Any CPU
		{945029DC-3D9D-4AF9-9893-42417AAC3D31}.Debug|x86.ActiveCfg = Debug|Any CPU
		{945029DC-3D9D-4AF9-9893-42417AAC3D31}.Debug|x86.Build.0 = Debug|Any CPU
		{945029DC-3D9D-4AF9-9893-42417AAC3D31}.QA|Any CPU.ActiveCfg = QA|Any CPU
		{945029DC-3D9D-4AF9-9893-42417AAC3D31}.QA|Any CPU.Build.0 = QA|Any CPU
		{945029DC-3D9D-4AF9-9893-42417AAC3D31}.QA|ARM.ActiveCfg = QA|Any CPU
		{945029DC-3D9D-4AF9-9893-42417AAC3D31}.QA|ARM.Build.0 = QA|Any CPU
		{945029DC-3D9D-4AF9-9893-42417AAC3D31}.QA|x64.ActiveCfg = QA|Any CPU
		{945029DC-3D9D-4AF9-9893-42417AAC3D31}.QA|x64.Build.0 = QA|Any CPU
		{945029DC-3D9D-4AF9-9893-42417AAC3D31}.QA|x86.ActiveCfg = QA|Any CPU
		{945029DC-3D9D-4AF9-9893-42417AAC3D31}.QA|x86.Build.0 = QA|Any CPU
		{945029DC-3D9D-4AF9-9893-42417AAC3D31}.Release|Any CPU.ActiveCfg = Release|Any CPU
		{945029DC-3D9D-4AF9-9893-42417AAC3D31}.Release|Any CPU.Build.0 = Release|Any CPU
		{945029DC-3D9D-4AF9-9893-42417AAC3D31}.Release|ARM.ActiveCfg = Release|Any CPU
		{945029DC-3D9D-4AF9-9893-42417AAC3D31}.Release|ARM.Build.0 = Release|Any CPU
		{945029DC-3D9D-4AF9-9893-42417AAC3D31}.Release|x64.ActiveCfg = Release|Any CPU
		{945029DC-3D9D-4AF9-9893-42417AAC3D31}.Release|x64.Build.0 = Release|Any CPU
		{945029DC-3D9D-4AF9-9893-42417AAC3D31}.Release|x86.ActiveCfg = Release|Any CPU
		{945029DC-3D9D-4AF9-9893-42417AAC3D31}.Release|x86.Build.0 = Release|Any CPU
		{7124D075-3B7B-4C77-9154-BE38CD6E8264}.Debug|Any CPU.ActiveCfg = Debug|Any CPU
		{7124D075-3B7B-4C77-9154-BE38CD6E8264}.Debug|Any CPU.Build.0 = Debug|Any CPU
		{7124D075-3B7B-4C77-9154-BE38CD6E8264}.Debug|ARM.ActiveCfg = Debug|Any CPU
		{7124D075-3B7B-4C77-9154-BE38CD6E8264}.Debug|ARM.Build.0 = Debug|Any CPU
		{7124D075-3B7B-4C77-9154-BE38CD6E8264}.Debug|x64.ActiveCfg = Debug|Any CPU
		{7124D075-3B7B-4C77-9154-BE38CD6E8264}.Debug|x64.Build.0 = Debug|Any CPU
		{7124D075-3B7B-4C77-9154-BE38CD6E8264}.Debug|x86.ActiveCfg = Debug|Any CPU
		{7124D075-3B7B-4C77-9154-BE38CD6E8264}.Debug|x86.Build.0 = Debug|Any CPU
		{7124D075-3B7B-4C77-9154-BE38CD6E8264}.QA|Any CPU.ActiveCfg = QA|Any CPU
		{7124D075-3B7B-4C77-9154-BE38CD6E8264}.QA|Any CPU.Build.0 = QA|Any CPU
		{7124D075-3B7B-4C77-9154-BE38CD6E8264}.QA|ARM.ActiveCfg = QA|Any CPU
		{7124D075-3B7B-4C77-9154-BE38CD6E8264}.QA|ARM.Build.0 = QA|Any CPU
		{7124D075-3B7B-4C77-9154-BE38CD6E8264}.QA|x64.ActiveCfg = QA|Any CPU
		{7124D075-3B7B-4C77-9154-BE38CD6E8264}.QA|x64.Build.0 = QA|Any CPU
		{7124D075-3B7B-4C77-9154-BE38CD6E8264}.QA|x86.ActiveCfg = QA|Any CPU
		{7124D075-3B7B-4C77-9154-BE38CD6E8264}.QA|x86.Build.0 = QA|Any CPU
		{7124D075-3B7B-4C77-9154-BE38CD6E8264}.Release|Any CPU.ActiveCfg = Release|Any CPU
		{7124D075-3B7B-4C77-9154-BE38CD6E8264}.Release|Any CPU.Build.0 = Release|Any CPU
		{7124D075-3B7B-4C77-9154-BE38CD6E8264}.Release|ARM.ActiveCfg = Release|Any CPU
		{7124D075-3B7B-4C77-9154-BE38CD6E8264}.Release|ARM.Build.0 = Release|Any CPU
		{7124D075-3B7B-4C77-9154-BE38CD6E8264}.Release|x64.ActiveCfg = Release|Any CPU
		{7124D075-3B7B-4C77-9154-BE38CD6E8264}.Release|x64.Build.0 = Release|Any CPU
		{7124D075-3B7B-4C77-9154-BE38CD6E8264}.Release|x86.ActiveCfg = Release|Any CPU
		{7124D075-3B7B-4C77-9154-BE38CD6E8264}.Release|x86.Build.0 = Release|Any CPU
		{1EA8C92F-3887-4992-933C-C5CA7AEDFDE3}.Debug|Any CPU.ActiveCfg = Debug|Any CPU
		{1EA8C92F-3887-4992-933C-C5CA7AEDFDE3}.Debug|Any CPU.Build.0 = Debug|Any CPU
		{1EA8C92F-3887-4992-933C-C5CA7AEDFDE3}.Debug|ARM.ActiveCfg = Debug|Any CPU
		{1EA8C92F-3887-4992-933C-C5CA7AEDFDE3}.Debug|ARM.Build.0 = Debug|Any CPU
		{1EA8C92F-3887-4992-933C-C5CA7AEDFDE3}.Debug|x64.ActiveCfg = Debug|Any CPU
		{1EA8C92F-3887-4992-933C-C5CA7AEDFDE3}.Debug|x64.Build.0 = Debug|Any CPU
		{1EA8C92F-3887-4992-933C-C5CA7AEDFDE3}.Debug|x86.ActiveCfg = Debug|Any CPU
		{1EA8C92F-3887-4992-933C-C5CA7AEDFDE3}.Debug|x86.Build.0 = Debug|Any CPU
		{1EA8C92F-3887-4992-933C-C5CA7AEDFDE3}.QA|Any CPU.ActiveCfg = Release|Any CPU
		{1EA8C92F-3887-4992-933C-C5CA7AEDFDE3}.QA|Any CPU.Build.0 = Release|Any CPU
		{1EA8C92F-3887-4992-933C-C5CA7AEDFDE3}.QA|ARM.ActiveCfg = Release|Any CPU
		{1EA8C92F-3887-4992-933C-C5CA7AEDFDE3}.QA|ARM.Build.0 = Release|Any CPU
		{1EA8C92F-3887-4992-933C-C5CA7AEDFDE3}.QA|x64.ActiveCfg = Release|Any CPU
		{1EA8C92F-3887-4992-933C-C5CA7AEDFDE3}.QA|x64.Build.0 = Release|Any CPU
		{1EA8C92F-3887-4992-933C-C5CA7AEDFDE3}.QA|x86.ActiveCfg = Release|Any CPU
		{1EA8C92F-3887-4992-933C-C5CA7AEDFDE3}.QA|x86.Build.0 = Release|Any CPU
		{1EA8C92F-3887-4992-933C-C5CA7AEDFDE3}.Release|Any CPU.ActiveCfg = Release|Any CPU
		{1EA8C92F-3887-4992-933C-C5CA7AEDFDE3}.Release|Any CPU.Build.0 = Release|Any CPU
		{1EA8C92F-3887-4992-933C-C5CA7AEDFDE3}.Release|ARM.ActiveCfg = Release|Any CPU
		{1EA8C92F-3887-4992-933C-C5CA7AEDFDE3}.Release|ARM.Build.0 = Release|Any CPU
		{1EA8C92F-3887-4992-933C-C5CA7AEDFDE3}.Release|x64.ActiveCfg = Release|Any CPU
		{1EA8C92F-3887-4992-933C-C5CA7AEDFDE3}.Release|x64.Build.0 = Release|Any CPU
		{1EA8C92F-3887-4992-933C-C5CA7AEDFDE3}.Release|x86.ActiveCfg = Release|Any CPU
		{1EA8C92F-3887-4992-933C-C5CA7AEDFDE3}.Release|x86.Build.0 = Release|Any CPU
		{D7965F8E-0720-46EE-82E8-BC5BE26FE8B2}.Debug|Any CPU.ActiveCfg = Debug|Any CPU
		{D7965F8E-0720-46EE-82E8-BC5BE26FE8B2}.Debug|Any CPU.Build.0 = Debug|Any CPU
		{D7965F8E-0720-46EE-82E8-BC5BE26FE8B2}.Debug|ARM.ActiveCfg = Debug|Any CPU
		{D7965F8E-0720-46EE-82E8-BC5BE26FE8B2}.Debug|ARM.Build.0 = Debug|Any CPU
		{D7965F8E-0720-46EE-82E8-BC5BE26FE8B2}.Debug|x64.ActiveCfg = Debug|Any CPU
		{D7965F8E-0720-46EE-82E8-BC5BE26FE8B2}.Debug|x64.Build.0 = Debug|Any CPU
		{D7965F8E-0720-46EE-82E8-BC5BE26FE8B2}.Debug|x86.ActiveCfg = Debug|Any CPU
		{D7965F8E-0720-46EE-82E8-BC5BE26FE8B2}.Debug|x86.Build.0 = Debug|Any CPU
		{D7965F8E-0720-46EE-82E8-BC5BE26FE8B2}.QA|Any CPU.ActiveCfg = QA|Any CPU
		{D7965F8E-0720-46EE-82E8-BC5BE26FE8B2}.QA|Any CPU.Build.0 = QA|Any CPU
		{D7965F8E-0720-46EE-82E8-BC5BE26FE8B2}.QA|ARM.ActiveCfg = QA|Any CPU
		{D7965F8E-0720-46EE-82E8-BC5BE26FE8B2}.QA|ARM.Build.0 = QA|Any CPU
		{D7965F8E-0720-46EE-82E8-BC5BE26FE8B2}.QA|x64.ActiveCfg = QA|Any CPU
		{D7965F8E-0720-46EE-82E8-BC5BE26FE8B2}.QA|x64.Build.0 = QA|Any CPU
		{D7965F8E-0720-46EE-82E8-BC5BE26FE8B2}.QA|x86.ActiveCfg = QA|Any CPU
		{D7965F8E-0720-46EE-82E8-BC5BE26FE8B2}.QA|x86.Build.0 = QA|Any CPU
		{D7965F8E-0720-46EE-82E8-BC5BE26FE8B2}.Release|Any CPU.ActiveCfg = Release|Any CPU
		{D7965F8E-0720-46EE-82E8-BC5BE26FE8B2}.Release|Any CPU.Build.0 = Release|Any CPU
		{D7965F8E-0720-46EE-82E8-BC5BE26FE8B2}.Release|ARM.ActiveCfg = Release|Any CPU
		{D7965F8E-0720-46EE-82E8-BC5BE26FE8B2}.Release|ARM.Build.0 = Release|Any CPU
		{D7965F8E-0720-46EE-82E8-BC5BE26FE8B2}.Release|x64.ActiveCfg = Release|Any CPU
		{D7965F8E-0720-46EE-82E8-BC5BE26FE8B2}.Release|x64.Build.0 = Release|Any CPU
		{D7965F8E-0720-46EE-82E8-BC5BE26FE8B2}.Release|x86.ActiveCfg = Release|Any CPU
		{D7965F8E-0720-46EE-82E8-BC5BE26FE8B2}.Release|x86.Build.0 = Release|Any CPU
		{40894E04-EFE6-4D9A-AEED-9DDE3A5A56BD}.Debug|Any CPU.ActiveCfg = Debug|Any CPU
		{40894E04-EFE6-4D9A-AEED-9DDE3A5A56BD}.Debug|Any CPU.Build.0 = Debug|Any CPU
		{40894E04-EFE6-4D9A-AEED-9DDE3A5A56BD}.Debug|ARM.ActiveCfg = Debug|Any CPU
		{40894E04-EFE6-4D9A-AEED-9DDE3A5A56BD}.Debug|ARM.Build.0 = Debug|Any CPU
		{40894E04-EFE6-4D9A-AEED-9DDE3A5A56BD}.Debug|x64.ActiveCfg = Debug|Any CPU
		{40894E04-EFE6-4D9A-AEED-9DDE3A5A56BD}.Debug|x64.Build.0 = Debug|Any CPU
		{40894E04-EFE6-4D9A-AEED-9DDE3A5A56BD}.Debug|x86.ActiveCfg = Debug|Any CPU
		{40894E04-EFE6-4D9A-AEED-9DDE3A5A56BD}.Debug|x86.Build.0 = Debug|Any CPU
		{40894E04-EFE6-4D9A-AEED-9DDE3A5A56BD}.QA|Any CPU.ActiveCfg = Release|Any CPU
		{40894E04-EFE6-4D9A-AEED-9DDE3A5A56BD}.QA|Any CPU.Build.0 = Release|Any CPU
		{40894E04-EFE6-4D9A-AEED-9DDE3A5A56BD}.QA|ARM.ActiveCfg = Release|Any CPU
		{40894E04-EFE6-4D9A-AEED-9DDE3A5A56BD}.QA|ARM.Build.0 = Release|Any CPU
		{40894E04-EFE6-4D9A-AEED-9DDE3A5A56BD}.QA|x64.ActiveCfg = Release|Any CPU
		{40894E04-EFE6-4D9A-AEED-9DDE3A5A56BD}.QA|x64.Build.0 = Release|Any CPU
		{40894E04-EFE6-4D9A-AEED-9DDE3A5A56BD}.QA|x86.ActiveCfg = Release|Any CPU
		{40894E04-EFE6-4D9A-AEED-9DDE3A5A56BD}.QA|x86.Build.0 = Release|Any CPU
		{40894E04-EFE6-4D9A-AEED-9DDE3A5A56BD}.Release|Any CPU.ActiveCfg = Release|Any CPU
		{40894E04-EFE6-4D9A-AEED-9DDE3A5A56BD}.Release|Any CPU.Build.0 = Release|Any CPU
		{40894E04-EFE6-4D9A-AEED-9DDE3A5A56BD}.Release|ARM.ActiveCfg = Release|Any CPU
		{40894E04-EFE6-4D9A-AEED-9DDE3A5A56BD}.Release|ARM.Build.0 = Release|Any CPU
		{40894E04-EFE6-4D9A-AEED-9DDE3A5A56BD}.Release|x64.ActiveCfg = Release|Any CPU
		{40894E04-EFE6-4D9A-AEED-9DDE3A5A56BD}.Release|x64.Build.0 = Release|Any CPU
		{40894E04-EFE6-4D9A-AEED-9DDE3A5A56BD}.Release|x86.ActiveCfg = Release|Any CPU
		{40894E04-EFE6-4D9A-AEED-9DDE3A5A56BD}.Release|x86.Build.0 = Release|Any CPU
		{8016F5E0-9689-4A7C-93F1-DDB5382E6E12}.Debug|Any CPU.ActiveCfg = Debug|Any CPU
		{8016F5E0-9689-4A7C-93F1-DDB5382E6E12}.Debug|Any CPU.Build.0 = Debug|Any CPU
		{8016F5E0-9689-4A7C-93F1-DDB5382E6E12}.Debug|ARM.ActiveCfg = Debug|Any CPU
		{8016F5E0-9689-4A7C-93F1-DDB5382E6E12}.Debug|ARM.Build.0 = Debug|Any CPU
		{8016F5E0-9689-4A7C-93F1-DDB5382E6E12}.Debug|x64.ActiveCfg = Debug|Any CPU
		{8016F5E0-9689-4A7C-93F1-DDB5382E6E12}.Debug|x64.Build.0 = Debug|Any CPU
		{8016F5E0-9689-4A7C-93F1-DDB5382E6E12}.Debug|x86.ActiveCfg = Debug|Any CPU
		{8016F5E0-9689-4A7C-93F1-DDB5382E6E12}.Debug|x86.Build.0 = Debug|Any CPU
		{8016F5E0-9689-4A7C-93F1-DDB5382E6E12}.QA|Any CPU.ActiveCfg = Release|Any CPU
		{8016F5E0-9689-4A7C-93F1-DDB5382E6E12}.QA|Any CPU.Build.0 = Release|Any CPU
		{8016F5E0-9689-4A7C-93F1-DDB5382E6E12}.QA|ARM.ActiveCfg = Release|Any CPU
		{8016F5E0-9689-4A7C-93F1-DDB5382E6E12}.QA|ARM.Build.0 = Release|Any CPU
		{8016F5E0-9689-4A7C-93F1-DDB5382E6E12}.QA|x64.ActiveCfg = Release|Any CPU
		{8016F5E0-9689-4A7C-93F1-DDB5382E6E12}.QA|x64.Build.0 = Release|Any CPU
		{8016F5E0-9689-4A7C-93F1-DDB5382E6E12}.QA|x86.ActiveCfg = Release|Any CPU
		{8016F5E0-9689-4A7C-93F1-DDB5382E6E12}.QA|x86.Build.0 = Release|Any CPU
		{8016F5E0-9689-4A7C-93F1-DDB5382E6E12}.Release|Any CPU.ActiveCfg = Release|Any CPU
		{8016F5E0-9689-4A7C-93F1-DDB5382E6E12}.Release|Any CPU.Build.0 = Release|Any CPU
		{8016F5E0-9689-4A7C-93F1-DDB5382E6E12}.Release|ARM.ActiveCfg = Release|Any CPU
		{8016F5E0-9689-4A7C-93F1-DDB5382E6E12}.Release|ARM.Build.0 = Release|Any CPU
		{8016F5E0-9689-4A7C-93F1-DDB5382E6E12}.Release|x64.ActiveCfg = Release|Any CPU
		{8016F5E0-9689-4A7C-93F1-DDB5382E6E12}.Release|x64.Build.0 = Release|Any CPU
		{8016F5E0-9689-4A7C-93F1-DDB5382E6E12}.Release|x86.ActiveCfg = Release|Any CPU
		{8016F5E0-9689-4A7C-93F1-DDB5382E6E12}.Release|x86.Build.0 = Release|Any CPU
		{02C90586-E0E7-4557-A07E-66A84543D45D}.Debug|Any CPU.ActiveCfg = Debug|Any CPU
		{02C90586-E0E7-4557-A07E-66A84543D45D}.Debug|Any CPU.Build.0 = Debug|Any CPU
		{02C90586-E0E7-4557-A07E-66A84543D45D}.Debug|ARM.ActiveCfg = Debug|Any CPU
		{02C90586-E0E7-4557-A07E-66A84543D45D}.Debug|ARM.Build.0 = Debug|Any CPU
		{02C90586-E0E7-4557-A07E-66A84543D45D}.Debug|x64.ActiveCfg = Debug|Any CPU
		{02C90586-E0E7-4557-A07E-66A84543D45D}.Debug|x64.Build.0 = Debug|Any CPU
		{02C90586-E0E7-4557-A07E-66A84543D45D}.Debug|x86.ActiveCfg = Debug|Any CPU
		{02C90586-E0E7-4557-A07E-66A84543D45D}.Debug|x86.Build.0 = Debug|Any CPU
		{02C90586-E0E7-4557-A07E-66A84543D45D}.QA|Any CPU.ActiveCfg = Release|Any CPU
		{02C90586-E0E7-4557-A07E-66A84543D45D}.QA|Any CPU.Build.0 = Release|Any CPU
		{02C90586-E0E7-4557-A07E-66A84543D45D}.QA|ARM.ActiveCfg = Release|Any CPU
		{02C90586-E0E7-4557-A07E-66A84543D45D}.QA|ARM.Build.0 = Release|Any CPU
		{02C90586-E0E7-4557-A07E-66A84543D45D}.QA|x64.ActiveCfg = Release|Any CPU
		{02C90586-E0E7-4557-A07E-66A84543D45D}.QA|x64.Build.0 = Release|Any CPU
		{02C90586-E0E7-4557-A07E-66A84543D45D}.QA|x86.ActiveCfg = Release|Any CPU
		{02C90586-E0E7-4557-A07E-66A84543D45D}.QA|x86.Build.0 = Release|Any CPU
		{02C90586-E0E7-4557-A07E-66A84543D45D}.Release|Any CPU.ActiveCfg = Release|Any CPU
		{02C90586-E0E7-4557-A07E-66A84543D45D}.Release|Any CPU.Build.0 = Release|Any CPU
		{02C90586-E0E7-4557-A07E-66A84543D45D}.Release|ARM.ActiveCfg = Release|Any CPU
		{02C90586-E0E7-4557-A07E-66A84543D45D}.Release|ARM.Build.0 = Release|Any CPU
		{02C90586-E0E7-4557-A07E-66A84543D45D}.Release|x64.ActiveCfg = Release|Any CPU
		{02C90586-E0E7-4557-A07E-66A84543D45D}.Release|x64.Build.0 = Release|Any CPU
		{02C90586-E0E7-4557-A07E-66A84543D45D}.Release|x86.ActiveCfg = Release|Any CPU
		{02C90586-E0E7-4557-A07E-66A84543D45D}.Release|x86.Build.0 = Release|Any CPU
	EndGlobalSection
	GlobalSection(SolutionProperties) = preSolution
		HideSolutionNode = FALSE
	EndGlobalSection
	GlobalSection(NestedProjects) = preSolution
		{3787EBD3-A099-4E87-A7EF-644EC3ABA762} = {C7682747-2AAF-4211-AD7C-624D403E1A86}
		{475D6F6A-1FCD-4BC1-91DB-9CCE2C04F86B} = {05B96B34-F5AD-4E3F-AF3B-6CE819902C64}
		{66B5352A-1967-4080-9CCF-2504253B62E2} = {06E1894C-D75E-46D1-AB56-058B97FEBC13}
		{AF5B416D-7007-447B-B7CE-ED79B3B42086} = {06E1894C-D75E-46D1-AB56-058B97FEBC13}
		{39AE091F-FC43-49BA-A605-6B79ED269DA6} = {C7682747-2AAF-4211-AD7C-624D403E1A86}
		{936BF53D-94B2-4E5C-8D1D-AD0AD10FF5FB} = {C7682747-2AAF-4211-AD7C-624D403E1A86}
		{8D39E3A9-29B9-4999-B8CA-2ADA47E66CA0} = {936BF53D-94B2-4E5C-8D1D-AD0AD10FF5FB}
		{FB049381-7815-4533-BCAE-3077D86722B0} = {439F8B34-2B5B-4CB8-BD5D-DBB5CAAF1F35}
		{D519BE95-FEE1-42D1-A60E-A3C008E1F8AA} = {439F8B34-2B5B-4CB8-BD5D-DBB5CAAF1F35}
		{C26F378C-8F63-49B5-BBED-3031071C300A} = {439F8B34-2B5B-4CB8-BD5D-DBB5CAAF1F35}
		{E60E73C7-09B9-45B2-950F-547350CFBE93} = {439F8B34-2B5B-4CB8-BD5D-DBB5CAAF1F35}
		{BFEBC671-1C27-40E8-BB98-C5B23919FCC7} = {439F8B34-2B5B-4CB8-BD5D-DBB5CAAF1F35}
		{18B71681-F11B-4F62-A4E9-A388FCC9A4B7} = {439F8B34-2B5B-4CB8-BD5D-DBB5CAAF1F35}
		{72CAA794-0117-495A-9F88-D2EFDD81FA95} = {439F8B34-2B5B-4CB8-BD5D-DBB5CAAF1F35}
		{DBB83446-3C9E-4F1D-AC1C-2C88053BFDDD} = {439F8B34-2B5B-4CB8-BD5D-DBB5CAAF1F35}
		{E7A571BC-3924-4BE5-8B56-BB8574B30CE9} = {2DF9EA57-9286-4B5A-9BB1-8B587AA9447B}
		{83102521-802C-4194-91E9-20DF507462C0} = {05B96B34-F5AD-4E3F-AF3B-6CE819902C64}
		{4CBB81AE-B2D2-4CB1-9C4B-72FC5F7F9A86} = {05B96B34-F5AD-4E3F-AF3B-6CE819902C64}
		{A9C80924-5E70-4A3D-A9C3-DDF70681E76D} = {439F8B34-2B5B-4CB8-BD5D-DBB5CAAF1F35}
		{63B1FF20-84A7-41C4-ACCD-245FF0C94C50} = {4CBB81AE-B2D2-4CB1-9C4B-72FC5F7F9A86}
		{48DB8785-14B2-49E5-99B7-B6E89CBE404D} = {4CBB81AE-B2D2-4CB1-9C4B-72FC5F7F9A86}
		{888D2814-D43A-445E-9A41-D293D8C4A086} = {3787EBD3-A099-4E87-A7EF-644EC3ABA762}
		{8431DD40-ACA4-4D0A-889D-7744513C5F5A} = {888D2814-D43A-445E-9A41-D293D8C4A086}
		{1EAC9A59-224C-41A1-8909-9FBC28DCF895} = {888D2814-D43A-445E-9A41-D293D8C4A086}
		{87EC3C84-0B6C-4322-B940-D63B57ABB8C0} = {23B5B034-9CE0-4A43-80CE-F434C4619F6B}
		{23B5B034-9CE0-4A43-80CE-F434C4619F6B} = {3787EBD3-A099-4E87-A7EF-644EC3ABA762}
		{B6761F22-B7EE-4818-AF44-181DB6E3A703} = {23B5B034-9CE0-4A43-80CE-F434C4619F6B}
		{9C8618FA-42D8-4062-A02A-B8B0AD877F6C} = {05B96B34-F5AD-4E3F-AF3B-6CE819902C64}
		{890CF446-3E24-49B2-A273-A0696F55133D} = {05B96B34-F5AD-4E3F-AF3B-6CE819902C64}
		{4437CBF6-272C-41C8-B7DD-E84521498DDF} = {439F8B34-2B5B-4CB8-BD5D-DBB5CAAF1F35}
		{E7378369-7D0B-4724-AEEF-9586CB54FDE5} = {439F8B34-2B5B-4CB8-BD5D-DBB5CAAF1F35}
		{5A6489D0-CA99-4C3F-B47A-4AA371214946} = {05B96B34-F5AD-4E3F-AF3B-6CE819902C64}
		{FF8B0E71-6CB0-4177-9E69-9FCCD9C10D41} = {439F8B34-2B5B-4CB8-BD5D-DBB5CAAF1F35}
		{F57F0BFF-FA0A-467F-859E-281558EB53A5} = {439F8B34-2B5B-4CB8-BD5D-DBB5CAAF1F35}
		{12EBE87C-D355-40EA-B7F9-87B8460B74CB} = {439F8B34-2B5B-4CB8-BD5D-DBB5CAAF1F35}
		{5DA8B439-142A-4409-AEA6-52B3ACECB6E5} = {439F8B34-2B5B-4CB8-BD5D-DBB5CAAF1F35}
		{44911B69-EC90-4ED2-A777-3B9D7CADA79B} = {439F8B34-2B5B-4CB8-BD5D-DBB5CAAF1F35}
		{E1810152-6118-4B33-B5CB-4A2618C0EDF9} = {2DF9EA57-9286-4B5A-9BB1-8B587AA9447B}
		{CB32596C-E128-4121-A41E-00A4AAD9EE42} = {2DF9EA57-9286-4B5A-9BB1-8B587AA9447B}
		{6D75AEB3-9C2D-4224-9C67-7DBC6B314F06} = {439F8B34-2B5B-4CB8-BD5D-DBB5CAAF1F35}
		{4236345C-0E93-443C-A4BA-8D8DF9C76740} = {439F8B34-2B5B-4CB8-BD5D-DBB5CAAF1F35}
		{39D94CA9-75C0-4A6F-B5D9-25737C447269} = {2DF9EA57-9286-4B5A-9BB1-8B587AA9447B}
		{B3693104-5B40-48D0-ABB8-CA6453B4D2CA} = {2DF9EA57-9286-4B5A-9BB1-8B587AA9447B}
		{6C555240-E53D-42CD-BB59-7D29A9B31EDE} = {439F8B34-2B5B-4CB8-BD5D-DBB5CAAF1F35}
		{6FDDE0A9-F481-4308-84F4-5DCE3CC1E6B0} = {735D3212-EBF0-4427-BD69-11F55CD012BD}
		{1179F9C9-4912-485B-BB55-CD822E46C2DA} = {735D3212-EBF0-4427-BD69-11F55CD012BD}
		{945029DC-3D9D-4AF9-9893-42417AAC3D31} = {735D3212-EBF0-4427-BD69-11F55CD012BD}
		{735D3212-EBF0-4427-BD69-11F55CD012BD} = {05B96B34-F5AD-4E3F-AF3B-6CE819902C64}
		{7124D075-3B7B-4C77-9154-BE38CD6E8264} = {735D3212-EBF0-4427-BD69-11F55CD012BD}
		{1EA8C92F-3887-4992-933C-C5CA7AEDFDE3} = {2DF9EA57-9286-4B5A-9BB1-8B587AA9447B}
		{D7965F8E-0720-46EE-82E8-BC5BE26FE8B2} = {2DF9EA57-9286-4B5A-9BB1-8B587AA9447B}
		{8AF65BB3-35CC-4539-A4D8-D70E9E04D04B} = {F505EFCF-FCF1-4260-A9F8-2FC622640579}
		{9A21A81A-C4A1-439D-A9A8-50391424694D} = {8AF65BB3-35CC-4539-A4D8-D70E9E04D04B}
		{40894E04-EFE6-4D9A-AEED-9DDE3A5A56BD} = {F505EFCF-FCF1-4260-A9F8-2FC622640579}
		{02C90586-E0E7-4557-A07E-66A84543D45D} = {439F8B34-2B5B-4CB8-BD5D-DBB5CAAF1F35}
	EndGlobalSection
EndGlobal
